
Microsoft Visual Studio Solution File, Format Version 12.00
# Visual Studio Version 17
VisualStudioVersion = 17.1.32228.430
MinimumVisualStudioVersion = 10.0.40219.1
Project("{2150E333-8FDC-42A3-9474-1A3956D46DE8}") = "test", "test", "{FD7243E4-BF18-43F8-8744-BA1D17ACF378}"
EndProject
Project("{2150E333-8FDC-42A3-9474-1A3956D46DE8}") = "build", "build", "{1B6B4B62-686E-44B4-9CEC-710DA34BC09E}"
	ProjectSection(SolutionItems) = preProject
		build\Common.props = build\Common.props
		build\Extensions.props = build\Extensions.props
		build\icon.png = build\icon.png
		build\Icon.props = build\Icon.props
		build\PackageInfo.props = build\PackageInfo.props
		build\SharedReferences.targets = build\SharedReferences.targets
	EndProjectSection
EndProject
Project("{2150E333-8FDC-42A3-9474-1A3956D46DE8}") = "Solution Items", "Solution Items", "{42CB3DE7-B070-4BA1-8A7A-ACB237BEAA4E}"
	ProjectSection(SolutionItems) = preProject
		.editorconfig = .editorconfig
	EndProjectSection
EndProject
Project("{9A19103F-16F7-4668-BE54-9A1E7A4F7556}") = "TestUtility", "test\TestUtility\TestUtility.csproj", "{C30B77A7-4085-422E-AADE-A4322989F5F8}"
EndProject
Project("{2150E333-8FDC-42A3-9474-1A3956D46DE8}") = "extensions", "extensions", "{A7B4FF1E-3DF7-4F28-9333-D0961CDDF702}"
EndProject
Project("{9A19103F-16F7-4668-BE54-9A1E7A4F7556}") = "Worker.Extensions.Http", "extensions\Worker.Extensions.Http\src\Worker.Extensions.Http.csproj", "{1E601406-6923-4CB9-AAD7-928E08906B10}"
EndProject
Project("{9A19103F-16F7-4668-BE54-9A1E7A4F7556}") = "Worker.Extensions.Abstractions", "extensions\Worker.Extensions.Abstractions\src\Worker.Extensions.Abstractions.csproj", "{B5F66802-0968-4B99-8E97-E42C744CE5CE}"
EndProject
Project("{9A19103F-16F7-4668-BE54-9A1E7A4F7556}") = "Worker.Extensions.Storage", "extensions\Worker.Extensions.Storage\src\Worker.Extensions.Storage.csproj", "{D6EAB0C1-491C-4723-B1F3-B6F5461CD359}"
EndProject
Project("{9A19103F-16F7-4668-BE54-9A1E7A4F7556}") = "Worker.Extensions.Timer", "extensions\Worker.Extensions.Timer\src\Worker.Extensions.Timer.csproj", "{4DBEC557-E5CC-41E9-9319-BC02615CF228}"
EndProject
Project("{9A19103F-16F7-4668-BE54-9A1E7A4F7556}") = "Worker.Extensions.CosmosDB", "extensions\Worker.Extensions.CosmosDB\src\Worker.Extensions.CosmosDB.csproj", "{37F71B56-1FC7-4BEC-9AB4-FF57C6BF2882}"
EndProject
Project("{9A19103F-16F7-4668-BE54-9A1E7A4F7556}") = "Worker.Extensions.EventGrid", "extensions\Worker.Extensions.EventGrid\src\Worker.Extensions.EventGrid.csproj", "{9C305047-0B81-4DA1-98D4-BC8B391A2297}"
EndProject
Project("{9A19103F-16F7-4668-BE54-9A1E7A4F7556}") = "Worker.Extensions.ServiceBus", "extensions\Worker.Extensions.ServiceBus\src\Worker.Extensions.ServiceBus.csproj", "{660B4D9D-081A-4DCA-BD7A-E196F4529BFD}"
EndProject
Project("{9A19103F-16F7-4668-BE54-9A1E7A4F7556}") = "Worker.Extensions.EventHubs", "extensions\Worker.Extensions.EventHubs\src\Worker.Extensions.EventHubs.csproj", "{4A5770BE-6BB7-448F-A818-DD1450F8CBDC}"
EndProject
Project("{9A19103F-16F7-4668-BE54-9A1E7A4F7556}") = "Worker.Extensions.RabbitMQ", "extensions\Worker.Extensions.RabbitMQ\src\Worker.Extensions.RabbitMQ.csproj", "{55652CF7-E58B-4564-A76B-D49DC71878DC}"
EndProject
Project("{9A19103F-16F7-4668-BE54-9A1E7A4F7556}") = "Worker.Extensions.SignalRService", "extensions\Worker.Extensions.SignalRService\src\Worker.Extensions.SignalRService.csproj", "{A9802FBA-CF59-462B-88A0-1D7D0D19C748}"
EndProject
Project("{9A19103F-16F7-4668-BE54-9A1E7A4F7556}") = "Worker.Extensions.SendGrid", "extensions\Worker.Extensions.SendGrid\src\Worker.Extensions.SendGrid.csproj", "{59EB5B01-4756-48BB-8B37-70D29E3BDFB6}"
EndProject
Project("{9A19103F-16F7-4668-BE54-9A1E7A4F7556}") = "Worker.Extensions.Warmup", "extensions\Worker.Extensions.Warmup\src\Worker.Extensions.Warmup.csproj", "{BDA0BCB4-BD26-4B10-B865-87082F290B38}"
EndProject
Project("{9A19103F-16F7-4668-BE54-9A1E7A4F7556}") = "Worker.Extensions.Kafka", "extensions\Worker.Extensions.Kafka\src\Worker.Extensions.Kafka.csproj", "{F63A63A9-FE09-4225-A293-6A58F9C1E520}"
EndProject
Project("{2150E333-8FDC-42A3-9474-1A3956D46DE8}") = "Apps", "Apps", "{0EA6A975-2934-4837-9932-2328EFE23BFD}"
EndProject
Project("{9A19103F-16F7-4668-BE54-9A1E7A4F7556}") = "E2EApp", "test\E2ETests\E2EApps\E2EApp\E2EApp.csproj", "{34CB5A87-0433-4C19-9CB3-E2F58119CDE9}"
EndProject
Project("{9A19103F-16F7-4668-BE54-9A1E7A4F7556}") = "E2ETests", "test\E2ETests\E2ETests\E2ETests.csproj", "{059C8F76-20F9-42BD-A343-64EE3ACF1AF8}"
EndProject
Project("{9A19103F-16F7-4668-BE54-9A1E7A4F7556}") = "Worker.Extensions.Storage.Queues", "extensions\Worker.Extensions.Storage.Queues\src\Worker.Extensions.Storage.Queues.csproj", "{1D2A2B02-BFA8-4E53-9844-88359C5B2671}"
EndProject
Project("{9A19103F-16F7-4668-BE54-9A1E7A4F7556}") = "Worker.Extensions.Storage.Blobs", "extensions\Worker.Extensions.Storage.Blobs\src\Worker.Extensions.Storage.Blobs.csproj", "{FC352905-BD72-4049-8D32-3CBB9304FDC8}"
EndProject
Project("{9A19103F-16F7-4668-BE54-9A1E7A4F7556}") = "Worker.Extensions.Tables", "extensions\Worker.Extensions.Tables\src\Worker.Extensions.Tables.csproj", "{004DEF24-7EBB-499D-BD1C-E940AC4E122D}"
EndProject
Project("{9A19103F-16F7-4668-BE54-9A1E7A4F7556}") = "Worker.Extensions.Shared", "extensions\Worker.Extensions.Shared\Worker.Extensions.Shared.csproj", "{277D77B9-8915-41E3-8763-0B66328ADDDA}"
EndProject
Project("{9A19103F-16F7-4668-BE54-9A1E7A4F7556}") = "Worker.Extensions.Rpc", "extensions\Worker.Extensions.Rpc\src\Worker.Extensions.Rpc.csproj", "{93B64F12-EBDD-46CE-B4FB-0904701F0032}"
EndProject
Project("{9A19103F-16F7-4668-BE54-9A1E7A4F7556}") = "Worker.Extensions.Http.AspNetCore", "extensions\Worker.Extensions.Http.AspNetCore\src\Worker.Extensions.Http.AspNetCore.csproj", "{1F6B7CF6-0CC8-4C7F-825F-74B0BEC1CF0A}"
EndProject
Project("{9A19103F-16F7-4668-BE54-9A1E7A4F7556}") = "Worker.Extensions.Rpc.Tests", "test\extensions\Worker.Extensions.Rpc.Tests\Worker.Extensions.Rpc.Tests.csproj", "{B13C9E5F-0E4B-413E-90AE-20B84B100364}"
EndProject
Project("{9A19103F-16F7-4668-BE54-9A1E7A4F7556}") = "Worker.Extensions.SignalRService.Tests", "test\extensions\Worker.Extensions.SignalRService.Tests\Worker.Extensions.SignalRService.Tests.csproj", "{286F9EE3-00AE-4EFA-BFD8-A2E58BC809D2}"
EndProject
Project("{9A19103F-16F7-4668-BE54-9A1E7A4F7556}") = "Worker.Extensions.Tests", "test\extensions\Worker.Extensions.Tests\Worker.Extensions.Tests.csproj", "{17BDCE12-6964-4B87-B2AC-68CE270A3E9A}"
EndProject
Project("{9A19103F-16F7-4668-BE54-9A1E7A4F7556}") = "Worker.Extensions.Http.AspNetCore.Tests", "test\extensions\Worker.Extensions.Http.AspNetCore.Tests\Worker.Extensions.Http.AspNetCore.Tests.csproj", "{D8E79B53-9A44-46CC-9D7A-E9494FC8CAF4}"
EndProject
Project("{9A19103F-16F7-4668-BE54-9A1E7A4F7556}") = "Worker.Extensions.Shared.Tests", "test\extensions\Worker.Extensions.Shared.Tests\Worker.Extensions.Shared.Tests.csproj", "{B6342174-5436-4846-B43C-39D8E34AE5CF}"
EndProject
Project("{9A19103F-16F7-4668-BE54-9A1E7A4F7556}") = "Worker.Extensions.Timer.Tests", "test\extensions\Worker.Extensions.Timer.Tests\Worker.Extensions.Timer.Tests.csproj", "{6947034E-C97F-4F78-940F-B6A398E23C9C}"
EndProject
Project("{FAE04EC0-301F-11D3-BF4B-00C04F79EFBC}") = "Worker.Extensions.Http.AspNetCore.Analyzers", "extensions\Worker.Extensions.Http.AspNetCore.Analyzers\src\Worker.Extensions.Http.AspNetCore.Analyzers.csproj", "{914B3E60-DE19-4827-956F-22080C817820}"
EndProject
Global
	GlobalSection(SolutionConfigurationPlatforms) = preSolution
		Debug|Any CPU = Debug|Any CPU
		Release|Any CPU = Release|Any CPU
	EndGlobalSection
	GlobalSection(ProjectConfigurationPlatforms) = postSolution
		{C30B77A7-4085-422E-AADE-A4322989F5F8}.Debug|Any CPU.ActiveCfg = Debug|Any CPU
		{C30B77A7-4085-422E-AADE-A4322989F5F8}.Debug|Any CPU.Build.0 = Debug|Any CPU
		{C30B77A7-4085-422E-AADE-A4322989F5F8}.Release|Any CPU.ActiveCfg = Release|Any CPU
		{C30B77A7-4085-422E-AADE-A4322989F5F8}.Release|Any CPU.Build.0 = Release|Any CPU
		{1E601406-6923-4CB9-AAD7-928E08906B10}.Debug|Any CPU.ActiveCfg = Debug|Any CPU
		{1E601406-6923-4CB9-AAD7-928E08906B10}.Debug|Any CPU.Build.0 = Debug|Any CPU
		{1E601406-6923-4CB9-AAD7-928E08906B10}.Release|Any CPU.ActiveCfg = Release|Any CPU
		{1E601406-6923-4CB9-AAD7-928E08906B10}.Release|Any CPU.Build.0 = Release|Any CPU
		{B5F66802-0968-4B99-8E97-E42C744CE5CE}.Debug|Any CPU.ActiveCfg = Debug|Any CPU
		{B5F66802-0968-4B99-8E97-E42C744CE5CE}.Debug|Any CPU.Build.0 = Debug|Any CPU
		{B5F66802-0968-4B99-8E97-E42C744CE5CE}.Release|Any CPU.ActiveCfg = Release|Any CPU
		{B5F66802-0968-4B99-8E97-E42C744CE5CE}.Release|Any CPU.Build.0 = Release|Any CPU
		{D6EAB0C1-491C-4723-B1F3-B6F5461CD359}.Debug|Any CPU.ActiveCfg = Debug|Any CPU
		{D6EAB0C1-491C-4723-B1F3-B6F5461CD359}.Debug|Any CPU.Build.0 = Debug|Any CPU
		{D6EAB0C1-491C-4723-B1F3-B6F5461CD359}.Release|Any CPU.ActiveCfg = Release|Any CPU
		{D6EAB0C1-491C-4723-B1F3-B6F5461CD359}.Release|Any CPU.Build.0 = Release|Any CPU
		{4DBEC557-E5CC-41E9-9319-BC02615CF228}.Debug|Any CPU.ActiveCfg = Debug|Any CPU
		{4DBEC557-E5CC-41E9-9319-BC02615CF228}.Debug|Any CPU.Build.0 = Debug|Any CPU
		{4DBEC557-E5CC-41E9-9319-BC02615CF228}.Release|Any CPU.ActiveCfg = Release|Any CPU
		{4DBEC557-E5CC-41E9-9319-BC02615CF228}.Release|Any CPU.Build.0 = Release|Any CPU
		{37F71B56-1FC7-4BEC-9AB4-FF57C6BF2882}.Debug|Any CPU.ActiveCfg = Debug|Any CPU
		{37F71B56-1FC7-4BEC-9AB4-FF57C6BF2882}.Debug|Any CPU.Build.0 = Debug|Any CPU
		{37F71B56-1FC7-4BEC-9AB4-FF57C6BF2882}.Release|Any CPU.ActiveCfg = Release|Any CPU
		{37F71B56-1FC7-4BEC-9AB4-FF57C6BF2882}.Release|Any CPU.Build.0 = Release|Any CPU
		{9C305047-0B81-4DA1-98D4-BC8B391A2297}.Debug|Any CPU.ActiveCfg = Debug|Any CPU
		{9C305047-0B81-4DA1-98D4-BC8B391A2297}.Debug|Any CPU.Build.0 = Debug|Any CPU
		{9C305047-0B81-4DA1-98D4-BC8B391A2297}.Release|Any CPU.ActiveCfg = Release|Any CPU
		{9C305047-0B81-4DA1-98D4-BC8B391A2297}.Release|Any CPU.Build.0 = Release|Any CPU
		{660B4D9D-081A-4DCA-BD7A-E196F4529BFD}.Debug|Any CPU.ActiveCfg = Debug|Any CPU
		{660B4D9D-081A-4DCA-BD7A-E196F4529BFD}.Debug|Any CPU.Build.0 = Debug|Any CPU
		{660B4D9D-081A-4DCA-BD7A-E196F4529BFD}.Release|Any CPU.ActiveCfg = Release|Any CPU
		{660B4D9D-081A-4DCA-BD7A-E196F4529BFD}.Release|Any CPU.Build.0 = Release|Any CPU
		{4A5770BE-6BB7-448F-A818-DD1450F8CBDC}.Debug|Any CPU.ActiveCfg = Debug|Any CPU
		{4A5770BE-6BB7-448F-A818-DD1450F8CBDC}.Debug|Any CPU.Build.0 = Debug|Any CPU
		{4A5770BE-6BB7-448F-A818-DD1450F8CBDC}.Release|Any CPU.ActiveCfg = Release|Any CPU
		{4A5770BE-6BB7-448F-A818-DD1450F8CBDC}.Release|Any CPU.Build.0 = Release|Any CPU
		{55652CF7-E58B-4564-A76B-D49DC71878DC}.Debug|Any CPU.ActiveCfg = Debug|Any CPU
		{55652CF7-E58B-4564-A76B-D49DC71878DC}.Debug|Any CPU.Build.0 = Debug|Any CPU
		{55652CF7-E58B-4564-A76B-D49DC71878DC}.Release|Any CPU.ActiveCfg = Release|Any CPU
		{55652CF7-E58B-4564-A76B-D49DC71878DC}.Release|Any CPU.Build.0 = Release|Any CPU
		{A9802FBA-CF59-462B-88A0-1D7D0D19C748}.Debug|Any CPU.ActiveCfg = Debug|Any CPU
		{A9802FBA-CF59-462B-88A0-1D7D0D19C748}.Debug|Any CPU.Build.0 = Debug|Any CPU
		{A9802FBA-CF59-462B-88A0-1D7D0D19C748}.Release|Any CPU.ActiveCfg = Release|Any CPU
		{A9802FBA-CF59-462B-88A0-1D7D0D19C748}.Release|Any CPU.Build.0 = Release|Any CPU
		{59EB5B01-4756-48BB-8B37-70D29E3BDFB6}.Debug|Any CPU.ActiveCfg = Debug|Any CPU
		{59EB5B01-4756-48BB-8B37-70D29E3BDFB6}.Debug|Any CPU.Build.0 = Debug|Any CPU
		{59EB5B01-4756-48BB-8B37-70D29E3BDFB6}.Release|Any CPU.ActiveCfg = Release|Any CPU
		{59EB5B01-4756-48BB-8B37-70D29E3BDFB6}.Release|Any CPU.Build.0 = Release|Any CPU
		{BDA0BCB4-BD26-4B10-B865-87082F290B38}.Debug|Any CPU.ActiveCfg = Debug|Any CPU
		{BDA0BCB4-BD26-4B10-B865-87082F290B38}.Debug|Any CPU.Build.0 = Debug|Any CPU
		{BDA0BCB4-BD26-4B10-B865-87082F290B38}.Release|Any CPU.ActiveCfg = Release|Any CPU
		{BDA0BCB4-BD26-4B10-B865-87082F290B38}.Release|Any CPU.Build.0 = Release|Any CPU
		{F63A63A9-FE09-4225-A293-6A58F9C1E520}.Debug|Any CPU.ActiveCfg = Debug|Any CPU
		{F63A63A9-FE09-4225-A293-6A58F9C1E520}.Debug|Any CPU.Build.0 = Debug|Any CPU
		{F63A63A9-FE09-4225-A293-6A58F9C1E520}.Release|Any CPU.ActiveCfg = Release|Any CPU
		{F63A63A9-FE09-4225-A293-6A58F9C1E520}.Release|Any CPU.Build.0 = Release|Any CPU
		{34CB5A87-0433-4C19-9CB3-E2F58119CDE9}.Debug|Any CPU.ActiveCfg = Debug|Any CPU
		{34CB5A87-0433-4C19-9CB3-E2F58119CDE9}.Debug|Any CPU.Build.0 = Debug|Any CPU
		{34CB5A87-0433-4C19-9CB3-E2F58119CDE9}.Release|Any CPU.ActiveCfg = Release|Any CPU
		{34CB5A87-0433-4C19-9CB3-E2F58119CDE9}.Release|Any CPU.Build.0 = Release|Any CPU
		{059C8F76-20F9-42BD-A343-64EE3ACF1AF8}.Debug|Any CPU.ActiveCfg = Debug|Any CPU
		{059C8F76-20F9-42BD-A343-64EE3ACF1AF8}.Debug|Any CPU.Build.0 = Debug|Any CPU
		{059C8F76-20F9-42BD-A343-64EE3ACF1AF8}.Release|Any CPU.ActiveCfg = Release|Any CPU
		{059C8F76-20F9-42BD-A343-64EE3ACF1AF8}.Release|Any CPU.Build.0 = Release|Any CPU
		{1D2A2B02-BFA8-4E53-9844-88359C5B2671}.Debug|Any CPU.ActiveCfg = Debug|Any CPU
		{1D2A2B02-BFA8-4E53-9844-88359C5B2671}.Debug|Any CPU.Build.0 = Debug|Any CPU
		{1D2A2B02-BFA8-4E53-9844-88359C5B2671}.Release|Any CPU.ActiveCfg = Release|Any CPU
		{1D2A2B02-BFA8-4E53-9844-88359C5B2671}.Release|Any CPU.Build.0 = Release|Any CPU
		{FC352905-BD72-4049-8D32-3CBB9304FDC8}.Debug|Any CPU.ActiveCfg = Debug|Any CPU
		{FC352905-BD72-4049-8D32-3CBB9304FDC8}.Debug|Any CPU.Build.0 = Debug|Any CPU
		{FC352905-BD72-4049-8D32-3CBB9304FDC8}.Release|Any CPU.ActiveCfg = Release|Any CPU
		{FC352905-BD72-4049-8D32-3CBB9304FDC8}.Release|Any CPU.Build.0 = Release|Any CPU
		{004DEF24-7EBB-499D-BD1C-E940AC4E122D}.Debug|Any CPU.ActiveCfg = Debug|Any CPU
		{004DEF24-7EBB-499D-BD1C-E940AC4E122D}.Debug|Any CPU.Build.0 = Debug|Any CPU
		{004DEF24-7EBB-499D-BD1C-E940AC4E122D}.Release|Any CPU.ActiveCfg = Release|Any CPU
		{004DEF24-7EBB-499D-BD1C-E940AC4E122D}.Release|Any CPU.Build.0 = Release|Any CPU
		{277D77B9-8915-41E3-8763-0B66328ADDDA}.Debug|Any CPU.ActiveCfg = Debug|Any CPU
		{277D77B9-8915-41E3-8763-0B66328ADDDA}.Debug|Any CPU.Build.0 = Debug|Any CPU
		{277D77B9-8915-41E3-8763-0B66328ADDDA}.Release|Any CPU.ActiveCfg = Release|Any CPU
		{277D77B9-8915-41E3-8763-0B66328ADDDA}.Release|Any CPU.Build.0 = Release|Any CPU
		{93B64F12-EBDD-46CE-B4FB-0904701F0032}.Debug|Any CPU.ActiveCfg = Debug|Any CPU
		{93B64F12-EBDD-46CE-B4FB-0904701F0032}.Debug|Any CPU.Build.0 = Debug|Any CPU
		{93B64F12-EBDD-46CE-B4FB-0904701F0032}.Release|Any CPU.ActiveCfg = Release|Any CPU
		{93B64F12-EBDD-46CE-B4FB-0904701F0032}.Release|Any CPU.Build.0 = Release|Any CPU
		{1F6B7CF6-0CC8-4C7F-825F-74B0BEC1CF0A}.Debug|Any CPU.ActiveCfg = Debug|Any CPU
		{1F6B7CF6-0CC8-4C7F-825F-74B0BEC1CF0A}.Debug|Any CPU.Build.0 = Debug|Any CPU
		{1F6B7CF6-0CC8-4C7F-825F-74B0BEC1CF0A}.Release|Any CPU.ActiveCfg = Release|Any CPU
		{1F6B7CF6-0CC8-4C7F-825F-74B0BEC1CF0A}.Release|Any CPU.Build.0 = Release|Any CPU
		{B13C9E5F-0E4B-413E-90AE-20B84B100364}.Debug|Any CPU.ActiveCfg = Debug|Any CPU
		{B13C9E5F-0E4B-413E-90AE-20B84B100364}.Debug|Any CPU.Build.0 = Debug|Any CPU
		{B13C9E5F-0E4B-413E-90AE-20B84B100364}.Release|Any CPU.ActiveCfg = Release|Any CPU
		{B13C9E5F-0E4B-413E-90AE-20B84B100364}.Release|Any CPU.Build.0 = Release|Any CPU
		{286F9EE3-00AE-4EFA-BFD8-A2E58BC809D2}.Debug|Any CPU.ActiveCfg = Debug|Any CPU
		{286F9EE3-00AE-4EFA-BFD8-A2E58BC809D2}.Debug|Any CPU.Build.0 = Debug|Any CPU
		{286F9EE3-00AE-4EFA-BFD8-A2E58BC809D2}.Release|Any CPU.ActiveCfg = Release|Any CPU
		{286F9EE3-00AE-4EFA-BFD8-A2E58BC809D2}.Release|Any CPU.Build.0 = Release|Any CPU
		{17BDCE12-6964-4B87-B2AC-68CE270A3E9A}.Debug|Any CPU.ActiveCfg = Debug|Any CPU
		{17BDCE12-6964-4B87-B2AC-68CE270A3E9A}.Debug|Any CPU.Build.0 = Debug|Any CPU
		{17BDCE12-6964-4B87-B2AC-68CE270A3E9A}.Release|Any CPU.ActiveCfg = Release|Any CPU
		{17BDCE12-6964-4B87-B2AC-68CE270A3E9A}.Release|Any CPU.Build.0 = Release|Any CPU
		{D8E79B53-9A44-46CC-9D7A-E9494FC8CAF4}.Debug|Any CPU.ActiveCfg = Debug|Any CPU
		{D8E79B53-9A44-46CC-9D7A-E9494FC8CAF4}.Debug|Any CPU.Build.0 = Debug|Any CPU
		{D8E79B53-9A44-46CC-9D7A-E9494FC8CAF4}.Release|Any CPU.ActiveCfg = Release|Any CPU
		{D8E79B53-9A44-46CC-9D7A-E9494FC8CAF4}.Release|Any CPU.Build.0 = Release|Any CPU
		{B6342174-5436-4846-B43C-39D8E34AE5CF}.Debug|Any CPU.ActiveCfg = Debug|Any CPU
		{B6342174-5436-4846-B43C-39D8E34AE5CF}.Debug|Any CPU.Build.0 = Debug|Any CPU
		{B6342174-5436-4846-B43C-39D8E34AE5CF}.Release|Any CPU.ActiveCfg = Release|Any CPU
		{B6342174-5436-4846-B43C-39D8E34AE5CF}.Release|Any CPU.Build.0 = Release|Any CPU
		{6947034E-C97F-4F78-940F-B6A398E23C9C}.Debug|Any CPU.ActiveCfg = Debug|Any CPU
		{6947034E-C97F-4F78-940F-B6A398E23C9C}.Debug|Any CPU.Build.0 = Debug|Any CPU
		{6947034E-C97F-4F78-940F-B6A398E23C9C}.Release|Any CPU.ActiveCfg = Release|Any CPU
		{6947034E-C97F-4F78-940F-B6A398E23C9C}.Release|Any CPU.Build.0 = Release|Any CPU
		{914B3E60-DE19-4827-956F-22080C817820}.Debug|Any CPU.ActiveCfg = Debug|Any CPU
		{914B3E60-DE19-4827-956F-22080C817820}.Debug|Any CPU.Build.0 = Debug|Any CPU
		{914B3E60-DE19-4827-956F-22080C817820}.Release|Any CPU.ActiveCfg = Release|Any CPU
		{914B3E60-DE19-4827-956F-22080C817820}.Release|Any CPU.Build.0 = Release|Any CPU
	EndGlobalSection
	GlobalSection(SolutionProperties) = preSolution
		HideSolutionNode = FALSE
	EndGlobalSection
	GlobalSection(NestedProjects) = preSolution
		{C30B77A7-4085-422E-AADE-A4322989F5F8} = {FD7243E4-BF18-43F8-8744-BA1D17ACF378}
		{1E601406-6923-4CB9-AAD7-928E08906B10} = {A7B4FF1E-3DF7-4F28-9333-D0961CDDF702}
		{B5F66802-0968-4B99-8E97-E42C744CE5CE} = {A7B4FF1E-3DF7-4F28-9333-D0961CDDF702}
		{D6EAB0C1-491C-4723-B1F3-B6F5461CD359} = {A7B4FF1E-3DF7-4F28-9333-D0961CDDF702}
		{4DBEC557-E5CC-41E9-9319-BC02615CF228} = {A7B4FF1E-3DF7-4F28-9333-D0961CDDF702}
		{37F71B56-1FC7-4BEC-9AB4-FF57C6BF2882} = {A7B4FF1E-3DF7-4F28-9333-D0961CDDF702}
		{9C305047-0B81-4DA1-98D4-BC8B391A2297} = {A7B4FF1E-3DF7-4F28-9333-D0961CDDF702}
		{660B4D9D-081A-4DCA-BD7A-E196F4529BFD} = {A7B4FF1E-3DF7-4F28-9333-D0961CDDF702}
		{4A5770BE-6BB7-448F-A818-DD1450F8CBDC} = {A7B4FF1E-3DF7-4F28-9333-D0961CDDF702}
		{55652CF7-E58B-4564-A76B-D49DC71878DC} = {A7B4FF1E-3DF7-4F28-9333-D0961CDDF702}
		{A9802FBA-CF59-462B-88A0-1D7D0D19C748} = {A7B4FF1E-3DF7-4F28-9333-D0961CDDF702}
		{59EB5B01-4756-48BB-8B37-70D29E3BDFB6} = {A7B4FF1E-3DF7-4F28-9333-D0961CDDF702}
		{BDA0BCB4-BD26-4B10-B865-87082F290B38} = {A7B4FF1E-3DF7-4F28-9333-D0961CDDF702}
		{F63A63A9-FE09-4225-A293-6A58F9C1E520} = {A7B4FF1E-3DF7-4F28-9333-D0961CDDF702}
		{0EA6A975-2934-4837-9932-2328EFE23BFD} = {FD7243E4-BF18-43F8-8744-BA1D17ACF378}
		{34CB5A87-0433-4C19-9CB3-E2F58119CDE9} = {0EA6A975-2934-4837-9932-2328EFE23BFD}
		{059C8F76-20F9-42BD-A343-64EE3ACF1AF8} = {FD7243E4-BF18-43F8-8744-BA1D17ACF378}
		{1D2A2B02-BFA8-4E53-9844-88359C5B2671} = {A7B4FF1E-3DF7-4F28-9333-D0961CDDF702}
		{FC352905-BD72-4049-8D32-3CBB9304FDC8} = {A7B4FF1E-3DF7-4F28-9333-D0961CDDF702}
		{004DEF24-7EBB-499D-BD1C-E940AC4E122D} = {A7B4FF1E-3DF7-4F28-9333-D0961CDDF702}
		{277D77B9-8915-41E3-8763-0B66328ADDDA} = {A7B4FF1E-3DF7-4F28-9333-D0961CDDF702}
		{93B64F12-EBDD-46CE-B4FB-0904701F0032} = {A7B4FF1E-3DF7-4F28-9333-D0961CDDF702}
		{1F6B7CF6-0CC8-4C7F-825F-74B0BEC1CF0A} = {A7B4FF1E-3DF7-4F28-9333-D0961CDDF702}
		{B13C9E5F-0E4B-413E-90AE-20B84B100364} = {FD7243E4-BF18-43F8-8744-BA1D17ACF378}
		{286F9EE3-00AE-4EFA-BFD8-A2E58BC809D2} = {FD7243E4-BF18-43F8-8744-BA1D17ACF378}
		{17BDCE12-6964-4B87-B2AC-68CE270A3E9A} = {FD7243E4-BF18-43F8-8744-BA1D17ACF378}
		{D8E79B53-9A44-46CC-9D7A-E9494FC8CAF4} = {FD7243E4-BF18-43F8-8744-BA1D17ACF378}
		{B6342174-5436-4846-B43C-39D8E34AE5CF} = {FD7243E4-BF18-43F8-8744-BA1D17ACF378}
		{6947034E-C97F-4F78-940F-B6A398E23C9C} = {FD7243E4-BF18-43F8-8744-BA1D17ACF378}
		{914B3E60-DE19-4827-956F-22080C817820} = {A7B4FF1E-3DF7-4F28-9333-D0961CDDF702}
	EndGlobalSection
	GlobalSection(ExtensibilityGlobals) = postSolution
		SolutionGuid = {497D2ED4-A13E-4BCA-8D29-F30CA7D0EA4A}
	EndGlobalSection
EndGlobal
