
Microsoft Visual Studio Solution File, Format Version 12.00
# Visual Studio Version 16
VisualStudioVersion = 16.0.30204.135
MinimumVisualStudioVersion = 10.0.40219.1
Project("{2150E333-8FDC-42A3-9474-1A3956D46DE8}") = "samples", "samples", "{9D6603BD-7EA2-4D11-A69C-0D9E01317FD6}"
EndProject
Project("{2150E333-8FDC-42A3-9474-1A3956D46DE8}") = "test", "test", "{FD7243E4-BF18-43F8-8744-BA1D17ACF378}"
EndProject
Project("{9A19103F-16F7-4668-BE54-9A1E7A4F7556}") = "FunctionApp", "samples\FunctionApp\FunctionApp.csproj", "{E61EE414-3693-4C83-BDAA-17AB0024D0E6}"
EndProject
Project("{9A19103F-16F7-4668-BE54-9A1E7A4F7556}") = "DotNetWorker", "src\DotNetWorker\DotNetWorker.csproj", "{2B47EC99-E383-4DFA-9130-DAF40FDA313B}"
EndProject
Project("{9A19103F-16F7-4668-BE54-9A1E7A4F7556}") = "DotNetWorkerTests", "test\DotNetWorkerTests\DotNetWorkerTests.csproj", "{02D1B220-3DAE-40E7-B5CC-86501756BF92}"
EndProject
Project("{2150E333-8FDC-42A3-9474-1A3956D46DE8}") = "generator", "generator", "{4B0D77E7-FA83-4FDD-9E67-CC95EAD21348}"
EndProject
Project("{9A19103F-16F7-4668-BE54-9A1E7A4F7556}") = "SourceGenerator", "SourceGenerator\SourceGenerator.csproj", "{4297F332-4309-4D78-A05C-797C4B5A4389}"
EndProject
Project("{2150E333-8FDC-42A3-9474-1A3956D46DE8}") = "build", "build", "{1B6B4B62-686E-44B4-9CEC-710DA34BC09E}"
	ProjectSection(SolutionItems) = preProject
		build\Common.props = build\Common.props
	EndProjectSection
EndProject
Global
	GlobalSection(SolutionConfigurationPlatforms) = preSolution
		Debug|Any CPU = Debug|Any CPU
		Release|Any CPU = Release|Any CPU
	EndGlobalSection
	GlobalSection(ProjectConfigurationPlatforms) = postSolution
		{E61EE414-3693-4C83-BDAA-17AB0024D0E6}.Debug|Any CPU.ActiveCfg = Debug|Any CPU
		{E61EE414-3693-4C83-BDAA-17AB0024D0E6}.Debug|Any CPU.Build.0 = Debug|Any CPU
		{E61EE414-3693-4C83-BDAA-17AB0024D0E6}.Release|Any CPU.ActiveCfg = Release|Any CPU
		{E61EE414-3693-4C83-BDAA-17AB0024D0E6}.Release|Any CPU.Build.0 = Release|Any CPU
		{2B47EC99-E383-4DFA-9130-DAF40FDA313B}.Debug|Any CPU.ActiveCfg = Debug|Any CPU
		{2B47EC99-E383-4DFA-9130-DAF40FDA313B}.Debug|Any CPU.Build.0 = Debug|Any CPU
		{2B47EC99-E383-4DFA-9130-DAF40FDA313B}.Release|Any CPU.ActiveCfg = Release|Any CPU
		{2B47EC99-E383-4DFA-9130-DAF40FDA313B}.Release|Any CPU.Build.0 = Release|Any CPU
		{02D1B220-3DAE-40E7-B5CC-86501756BF92}.Debug|Any CPU.ActiveCfg = Debug|Any CPU
		{02D1B220-3DAE-40E7-B5CC-86501756BF92}.Debug|Any CPU.Build.0 = Debug|Any CPU
		{02D1B220-3DAE-40E7-B5CC-86501756BF92}.Release|Any CPU.ActiveCfg = Release|Any CPU
		{02D1B220-3DAE-40E7-B5CC-86501756BF92}.Release|Any CPU.Build.0 = Release|Any CPU
		{4297F332-4309-4D78-A05C-797C4B5A4389}.Debug|Any CPU.ActiveCfg = Debug|Any CPU
		{4297F332-4309-4D78-A05C-797C4B5A4389}.Debug|Any CPU.Build.0 = Debug|Any CPU
		{4297F332-4309-4D78-A05C-797C4B5A4389}.Release|Any CPU.ActiveCfg = Release|Any CPU
		{4297F332-4309-4D78-A05C-797C4B5A4389}.Release|Any CPU.Build.0 = Release|Any CPU
	EndGlobalSection
	GlobalSection(SolutionProperties) = preSolution
		HideSolutionNode = FALSE
	EndGlobalSection
	GlobalSection(NestedProjects) = preSolution
		{E61EE414-3693-4C83-BDAA-17AB0024D0E6} = {9D6603BD-7EA2-4D11-A69C-0D9E01317FD6}
		{02D1B220-3DAE-40E7-B5CC-86501756BF92} = {FD7243E4-BF18-43F8-8744-BA1D17ACF378}
		{4297F332-4309-4D78-A05C-797C4B5A4389} = {4B0D77E7-FA83-4FDD-9E67-CC95EAD21348}
	EndGlobalSection
	GlobalSection(ExtensibilityGlobals) = postSolution
		SolutionGuid = {497D2ED4-A13E-4BCA-8D29-F30CA7D0EA4A}
	EndGlobalSection
EndGlobal
