
Microsoft Visual Studio Solution File, Format Version 12.00
# Visual Studio Version 17
VisualStudioVersion = 17.1.32228.430
MinimumVisualStudioVersion = 10.0.40219.1
Project("{2150E333-8FDC-42A3-9474-1A3956D46DE8}") = "samples", "samples", "{9D6603BD-7EA2-4D11-A69C-0D9E01317FD6}"
EndProject
Project("{9A19103F-16F7-4668-BE54-9A1E7A4F7556}") = "FunctionApp", "samples\FunctionApp\FunctionApp.csproj", "{E61EE414-3693-4C83-BDAA-17AB0024D0E6}"
EndProject
Project("{2150E333-8FDC-42A3-9474-1A3956D46DE8}") = "Solution Items", "Solution Items", "{42CB3DE7-B070-4BA1-8A7A-ACB237BEAA4E}"
	ProjectSection(SolutionItems) = preProject
		.editorconfig = .editorconfig
	EndProjectSection
EndProject
Project("{9A19103F-16F7-4668-BE54-9A1E7A4F7556}") = "Extensions", "samples\Extensions\Extensions.csproj", "{BC56E506-A2F7-46D4-95DC-BD97E5AF92D4}"
EndProject
Project("{9A19103F-16F7-4668-BE54-9A1E7A4F7556}") = "CustomMiddleware", "samples\CustomMiddleware\CustomMiddleware.csproj", "{2A72383A-9C00-41FB-9D29-909EE5E6BFB9}"
EndProject
Project("{9A19103F-16F7-4668-BE54-9A1E7A4F7556}") = "EntityFramework", "samples\EntityFramework\EntityFramework.csproj", "{C4C0CE7E-6A34-473E-A8FB-7D8FBA765779}"
EndProject
Project("{9A19103F-16F7-4668-BE54-9A1E7A4F7556}") = "Configuration", "samples\Configuration\Configuration.csproj", "{035AAD56-5F51-476C-8556-0F6CFD6EF1BF}"
EndProject
Project("{9A19103F-16F7-4668-BE54-9A1E7A4F7556}") = "NetFxWorker", "samples\NetFxWorker\NetFxWorker.csproj", "{B37E6BAC-F16B-4366-94FB-8B94B52A08C9}"
EndProject
Project("{9A19103F-16F7-4668-BE54-9A1E7A4F7556}") = "AspNetIntegration", "samples\AspNetIntegration\AspNetIntegration.csproj", "{D2F67410-9933-42E8-B04A-E17634D83A30}"
EndProject
Project("{9A19103F-16F7-4668-BE54-9A1E7A4F7556}") = "Net9FunctionApp", "samples\Net9FunctionApp\Net9FunctionApp.csproj", "{F7F70331-CB38-47D7-9366-F8C5D934D088}"
EndProject
Project("{FAE04EC0-301F-11D3-BF4B-00C04F79EFBC}") = "FunctionApp.MSBuildSdk", "samples\FunctionApp.MSBuildSdk\FunctionApp.MSBuildSdk.csproj", "{7A953FA3-A269-4A39-B63F-03F33FD61C08}"
EndProject
Global
	GlobalSection(SolutionConfigurationPlatforms) = preSolution
		Debug|Any CPU = Debug|Any CPU
		Debug|x64 = Debug|x64
		Debug|x86 = Debug|x86
		Release|Any CPU = Release|Any CPU
		Release|x64 = Release|x64
		Release|x86 = Release|x86
	EndGlobalSection
	GlobalSection(ProjectConfigurationPlatforms) = postSolution
		{E61EE414-3693-4C83-BDAA-17AB0024D0E6}.Debug|Any CPU.ActiveCfg = Debug|Any CPU
		{E61EE414-3693-4C83-BDAA-17AB0024D0E6}.Debug|Any CPU.Build.0 = Debug|Any CPU
		{E61EE414-3693-4C83-BDAA-17AB0024D0E6}.Debug|x64.ActiveCfg = Debug|Any CPU
		{E61EE414-3693-4C83-BDAA-17AB0024D0E6}.Debug|x64.Build.0 = Debug|Any CPU
		{E61EE414-3693-4C83-BDAA-17AB0024D0E6}.Debug|x86.ActiveCfg = Debug|Any CPU
		{E61EE414-3693-4C83-BDAA-17AB0024D0E6}.Debug|x86.Build.0 = Debug|Any CPU
		{E61EE414-3693-4C83-BDAA-17AB0024D0E6}.Release|Any CPU.ActiveCfg = Release|Any CPU
		{E61EE414-3693-4C83-BDAA-17AB0024D0E6}.Release|Any CPU.Build.0 = Release|Any CPU
		{E61EE414-3693-4C83-BDAA-17AB0024D0E6}.Release|x64.ActiveCfg = Release|Any CPU
		{E61EE414-3693-4C83-BDAA-17AB0024D0E6}.Release|x64.Build.0 = Release|Any CPU
		{E61EE414-3693-4C83-BDAA-17AB0024D0E6}.Release|x86.ActiveCfg = Release|Any CPU
		{E61EE414-3693-4C83-BDAA-17AB0024D0E6}.Release|x86.Build.0 = Release|Any CPU
		{BC56E506-A2F7-46D4-95DC-BD97E5AF92D4}.Debug|Any CPU.ActiveCfg = Debug|Any CPU
		{BC56E506-A2F7-46D4-95DC-BD97E5AF92D4}.Debug|Any CPU.Build.0 = Debug|Any CPU
		{BC56E506-A2F7-46D4-95DC-BD97E5AF92D4}.Debug|x64.ActiveCfg = Debug|Any CPU
		{BC56E506-A2F7-46D4-95DC-BD97E5AF92D4}.Debug|x64.Build.0 = Debug|Any CPU
		{BC56E506-A2F7-46D4-95DC-BD97E5AF92D4}.Debug|x86.ActiveCfg = Debug|Any CPU
		{BC56E506-A2F7-46D4-95DC-BD97E5AF92D4}.Debug|x86.Build.0 = Debug|Any CPU
		{BC56E506-A2F7-46D4-95DC-BD97E5AF92D4}.Release|Any CPU.ActiveCfg = Release|Any CPU
		{BC56E506-A2F7-46D4-95DC-BD97E5AF92D4}.Release|Any CPU.Build.0 = Release|Any CPU
		{BC56E506-A2F7-46D4-95DC-BD97E5AF92D4}.Release|x64.ActiveCfg = Release|Any CPU
		{BC56E506-A2F7-46D4-95DC-BD97E5AF92D4}.Release|x64.Build.0 = Release|Any CPU
		{BC56E506-A2F7-46D4-95DC-BD97E5AF92D4}.Release|x86.ActiveCfg = Release|Any CPU
		{BC56E506-A2F7-46D4-95DC-BD97E5AF92D4}.Release|x86.Build.0 = Release|Any CPU
		{2A72383A-9C00-41FB-9D29-909EE5E6BFB9}.Debug|Any CPU.ActiveCfg = Debug|Any CPU
		{2A72383A-9C00-41FB-9D29-909EE5E6BFB9}.Debug|Any CPU.Build.0 = Debug|Any CPU
		{2A72383A-9C00-41FB-9D29-909EE5E6BFB9}.Debug|x64.ActiveCfg = Debug|Any CPU
		{2A72383A-9C00-41FB-9D29-909EE5E6BFB9}.Debug|x64.Build.0 = Debug|Any CPU
		{2A72383A-9C00-41FB-9D29-909EE5E6BFB9}.Debug|x86.ActiveCfg = Debug|Any CPU
		{2A72383A-9C00-41FB-9D29-909EE5E6BFB9}.Debug|x86.Build.0 = Debug|Any CPU
		{2A72383A-9C00-41FB-9D29-909EE5E6BFB9}.Release|Any CPU.ActiveCfg = Release|Any CPU
		{2A72383A-9C00-41FB-9D29-909EE5E6BFB9}.Release|Any CPU.Build.0 = Release|Any CPU
		{2A72383A-9C00-41FB-9D29-909EE5E6BFB9}.Release|x64.ActiveCfg = Release|Any CPU
		{2A72383A-9C00-41FB-9D29-909EE5E6BFB9}.Release|x64.Build.0 = Release|Any CPU
		{2A72383A-9C00-41FB-9D29-909EE5E6BFB9}.Release|x86.ActiveCfg = Release|Any CPU
		{2A72383A-9C00-41FB-9D29-909EE5E6BFB9}.Release|x86.Build.0 = Release|Any CPU
		{C4C0CE7E-6A34-473E-A8FB-7D8FBA765779}.Debug|Any CPU.ActiveCfg = Debug|Any CPU
		{C4C0CE7E-6A34-473E-A8FB-7D8FBA765779}.Debug|Any CPU.Build.0 = Debug|Any CPU
		{C4C0CE7E-6A34-473E-A8FB-7D8FBA765779}.Debug|x64.ActiveCfg = Debug|Any CPU
		{C4C0CE7E-6A34-473E-A8FB-7D8FBA765779}.Debug|x64.Build.0 = Debug|Any CPU
		{C4C0CE7E-6A34-473E-A8FB-7D8FBA765779}.Debug|x86.ActiveCfg = Debug|Any CPU
		{C4C0CE7E-6A34-473E-A8FB-7D8FBA765779}.Debug|x86.Build.0 = Debug|Any CPU
		{C4C0CE7E-6A34-473E-A8FB-7D8FBA765779}.Release|Any CPU.ActiveCfg = Release|Any CPU
		{C4C0CE7E-6A34-473E-A8FB-7D8FBA765779}.Release|Any CPU.Build.0 = Release|Any CPU
		{C4C0CE7E-6A34-473E-A8FB-7D8FBA765779}.Release|x64.ActiveCfg = Release|Any CPU
		{C4C0CE7E-6A34-473E-A8FB-7D8FBA765779}.Release|x64.Build.0 = Release|Any CPU
		{C4C0CE7E-6A34-473E-A8FB-7D8FBA765779}.Release|x86.ActiveCfg = Release|Any CPU
		{C4C0CE7E-6A34-473E-A8FB-7D8FBA765779}.Release|x86.Build.0 = Release|Any CPU
		{035AAD56-5F51-476C-8556-0F6CFD6EF1BF}.Debug|Any CPU.ActiveCfg = Debug|Any CPU
		{035AAD56-5F51-476C-8556-0F6CFD6EF1BF}.Debug|Any CPU.Build.0 = Debug|Any CPU
		{035AAD56-5F51-476C-8556-0F6CFD6EF1BF}.Debug|x64.ActiveCfg = Debug|Any CPU
		{035AAD56-5F51-476C-8556-0F6CFD6EF1BF}.Debug|x64.Build.0 = Debug|Any CPU
		{035AAD56-5F51-476C-8556-0F6CFD6EF1BF}.Debug|x86.ActiveCfg = Debug|Any CPU
		{035AAD56-5F51-476C-8556-0F6CFD6EF1BF}.Debug|x86.Build.0 = Debug|Any CPU
		{035AAD56-5F51-476C-8556-0F6CFD6EF1BF}.Release|Any CPU.ActiveCfg = Release|Any CPU
		{035AAD56-5F51-476C-8556-0F6CFD6EF1BF}.Release|Any CPU.Build.0 = Release|Any CPU
		{035AAD56-5F51-476C-8556-0F6CFD6EF1BF}.Release|x64.ActiveCfg = Release|Any CPU
		{035AAD56-5F51-476C-8556-0F6CFD6EF1BF}.Release|x64.Build.0 = Release|Any CPU
		{035AAD56-5F51-476C-8556-0F6CFD6EF1BF}.Release|x86.ActiveCfg = Release|Any CPU
		{035AAD56-5F51-476C-8556-0F6CFD6EF1BF}.Release|x86.Build.0 = Release|Any CPU
		{B37E6BAC-F16B-4366-94FB-8B94B52A08C9}.Debug|Any CPU.ActiveCfg = Debug|Any CPU
		{B37E6BAC-F16B-4366-94FB-8B94B52A08C9}.Debug|Any CPU.Build.0 = Debug|Any CPU
		{B37E6BAC-F16B-4366-94FB-8B94B52A08C9}.Debug|x64.ActiveCfg = Debug|Any CPU
		{B37E6BAC-F16B-4366-94FB-8B94B52A08C9}.Debug|x64.Build.0 = Debug|Any CPU
		{B37E6BAC-F16B-4366-94FB-8B94B52A08C9}.Debug|x86.ActiveCfg = Debug|Any CPU
		{B37E6BAC-F16B-4366-94FB-8B94B52A08C9}.Debug|x86.Build.0 = Debug|Any CPU
		{B37E6BAC-F16B-4366-94FB-8B94B52A08C9}.Release|Any CPU.ActiveCfg = Release|Any CPU
		{B37E6BAC-F16B-4366-94FB-8B94B52A08C9}.Release|Any CPU.Build.0 = Release|Any CPU
		{B37E6BAC-F16B-4366-94FB-8B94B52A08C9}.Release|x64.ActiveCfg = Release|Any CPU
		{B37E6BAC-F16B-4366-94FB-8B94B52A08C9}.Release|x64.Build.0 = Release|Any CPU
		{B37E6BAC-F16B-4366-94FB-8B94B52A08C9}.Release|x86.ActiveCfg = Release|Any CPU
		{B37E6BAC-F16B-4366-94FB-8B94B52A08C9}.Release|x86.Build.0 = Release|Any CPU
		{D2F67410-9933-42E8-B04A-E17634D83A30}.Debug|Any CPU.ActiveCfg = Debug|Any CPU
		{D2F67410-9933-42E8-B04A-E17634D83A30}.Debug|Any CPU.Build.0 = Debug|Any CPU
		{D2F67410-9933-42E8-B04A-E17634D83A30}.Debug|x64.ActiveCfg = Debug|Any CPU
		{D2F67410-9933-42E8-B04A-E17634D83A30}.Debug|x64.Build.0 = Debug|Any CPU
		{D2F67410-9933-42E8-B04A-E17634D83A30}.Debug|x86.ActiveCfg = Debug|Any CPU
		{D2F67410-9933-42E8-B04A-E17634D83A30}.Debug|x86.Build.0 = Debug|Any CPU
		{D2F67410-9933-42E8-B04A-E17634D83A30}.Release|Any CPU.ActiveCfg = Release|Any CPU
		{D2F67410-9933-42E8-B04A-E17634D83A30}.Release|Any CPU.Build.0 = Release|Any CPU
		{D2F67410-9933-42E8-B04A-E17634D83A30}.Release|x64.ActiveCfg = Release|Any CPU
		{D2F67410-9933-42E8-B04A-E17634D83A30}.Release|x64.Build.0 = Release|Any CPU
		{D2F67410-9933-42E8-B04A-E17634D83A30}.Release|x86.ActiveCfg = Release|Any CPU
		{D2F67410-9933-42E8-B04A-E17634D83A30}.Release|x86.Build.0 = Release|Any CPU
		{F7F70331-CB38-47D7-9366-F8C5D934D088}.Debug|Any CPU.ActiveCfg = Debug|Any CPU
		{F7F70331-CB38-47D7-9366-F8C5D934D088}.Debug|Any CPU.Build.0 = Debug|Any CPU
		{F7F70331-CB38-47D7-9366-F8C5D934D088}.Debug|x64.ActiveCfg = Debug|Any CPU
		{F7F70331-CB38-47D7-9366-F8C5D934D088}.Debug|x64.Build.0 = Debug|Any CPU
		{F7F70331-CB38-47D7-9366-F8C5D934D088}.Debug|x86.ActiveCfg = Debug|Any CPU
		{F7F70331-CB38-47D7-9366-F8C5D934D088}.Debug|x86.Build.0 = Debug|Any CPU
		{F7F70331-CB38-47D7-9366-F8C5D934D088}.Release|Any CPU.ActiveCfg = Release|Any CPU
		{F7F70331-CB38-47D7-9366-F8C5D934D088}.Release|Any CPU.Build.0 = Release|Any CPU
		{F7F70331-CB38-47D7-9366-F8C5D934D088}.Release|x64.ActiveCfg = Release|Any CPU
		{F7F70331-CB38-47D7-9366-F8C5D934D088}.Release|x64.Build.0 = Release|Any CPU
		{F7F70331-CB38-47D7-9366-F8C5D934D088}.Release|x86.ActiveCfg = Release|Any CPU
		{F7F70331-CB38-47D7-9366-F8C5D934D088}.Release|x86.Build.0 = Release|Any CPU
		{7A953FA3-A269-4A39-B63F-03F33FD61C08}.Debug|Any CPU.ActiveCfg = Debug|Any CPU
		{7A953FA3-A269-4A39-B63F-03F33FD61C08}.Debug|Any CPU.Build.0 = Debug|Any CPU
		{7A953FA3-A269-4A39-B63F-03F33FD61C08}.Debug|x64.ActiveCfg = Debug|Any CPU
		{7A953FA3-A269-4A39-B63F-03F33FD61C08}.Debug|x64.Build.0 = Debug|Any CPU
		{7A953FA3-A269-4A39-B63F-03F33FD61C08}.Debug|x86.ActiveCfg = Debug|Any CPU
		{7A953FA3-A269-4A39-B63F-03F33FD61C08}.Debug|x86.Build.0 = Debug|Any CPU
		{7A953FA3-A269-4A39-B63F-03F33FD61C08}.Release|Any CPU.ActiveCfg = Release|Any CPU
		{7A953FA3-A269-4A39-B63F-03F33FD61C08}.Release|Any CPU.Build.0 = Release|Any CPU
		{7A953FA3-A269-4A39-B63F-03F33FD61C08}.Release|x64.ActiveCfg = Release|Any CPU
		{7A953FA3-A269-4A39-B63F-03F33FD61C08}.Release|x64.Build.0 = Release|Any CPU
		{7A953FA3-A269-4A39-B63F-03F33FD61C08}.Release|x86.ActiveCfg = Release|Any CPU
		{7A953FA3-A269-4A39-B63F-03F33FD61C08}.Release|x86.Build.0 = Release|Any CPU
	EndGlobalSection
	GlobalSection(SolutionProperties) = preSolution
		HideSolutionNode = FALSE
	EndGlobalSection
	GlobalSection(NestedProjects) = preSolution
		{E61EE414-3693-4C83-BDAA-17AB0024D0E6} = {9D6603BD-7EA2-4D11-A69C-0D9E01317FD6}
		{BC56E506-A2F7-46D4-95DC-BD97E5AF92D4} = {9D6603BD-7EA2-4D11-A69C-0D9E01317FD6}
		{2A72383A-9C00-41FB-9D29-909EE5E6BFB9} = {9D6603BD-7EA2-4D11-A69C-0D9E01317FD6}
		{C4C0CE7E-6A34-473E-A8FB-7D8FBA765779} = {9D6603BD-7EA2-4D11-A69C-0D9E01317FD6}
		{035AAD56-5F51-476C-8556-0F6CFD6EF1BF} = {9D6603BD-7EA2-4D11-A69C-0D9E01317FD6}
		{B37E6BAC-F16B-4366-94FB-8B94B52A08C9} = {9D6603BD-7EA2-4D11-A69C-0D9E01317FD6}
		{D2F67410-9933-42E8-B04A-E17634D83A30} = {9D6603BD-7EA2-4D11-A69C-0D9E01317FD6}
		{F7F70331-CB38-47D7-9366-F8C5D934D088} = {9D6603BD-7EA2-4D11-A69C-0D9E01317FD6}
		{7A953FA3-A269-4A39-B63F-03F33FD61C08} = {9D6603BD-7EA2-4D11-A69C-0D9E01317FD6}
	EndGlobalSection
	GlobalSection(ExtensibilityGlobals) = postSolution
		SolutionGuid = {497D2ED4-A13E-4BCA-8D29-F30CA7D0EA4A}
	EndGlobalSection
EndGlobal
