
Microsoft Visual Studio Solution File, Format Version 12.00
# Visual Studio Version 17
VisualStudioVersion = 17.1.32228.430
MinimumVisualStudioVersion = 10.0.40219.1
Project("{2150E333-8FDC-42A3-9474-1A3956D46DE8}") = "test", "test", "{FD7243E4-BF18-43F8-8744-BA1D17ACF378}"
EndProject
Project("{9A19103F-16F7-4668-BE54-9A1E7A4F7556}") = "DotNetWorker", "src\DotNetWorker\DotNetWorker.csproj", "{2B47EC99-E383-4DFA-9130-DAF40FDA313B}"
EndProject
Project("{2150E333-8FDC-42A3-9474-1A3956D46DE8}") = "sdk", "sdk", "{4B0D77E7-FA83-4FDD-9E67-CC95EAD21348}"
EndProject
Project("{2150E333-8FDC-42A3-9474-1A3956D46DE8}") = "build", "build", "{1B6B4B62-686E-44B4-9CEC-710DA34BC09E}"
	ProjectSection(SolutionItems) = preProject
		build\Common.props = build\Common.props
		build\Extensions.props = build\Extensions.props
		build\icon.png = build\icon.png
		build\Icon.props = build\Icon.props
		build\PackageInfo.props = build\PackageInfo.props
		build\SharedReferences.targets = build\SharedReferences.targets
	EndProjectSection
EndProject
Project("{9A19103F-16F7-4668-BE54-9A1E7A4F7556}") = "Sdk", "sdk\Sdk\Sdk.csproj", "{E28BAAEF-4E70-4CAB-8475-759ECBAF1AF5}"
EndProject
Project("{9A19103F-16F7-4668-BE54-9A1E7A4F7556}") = "FunctionMetadataLoaderExtension", "sdk\FunctionMetadataLoaderExtension\FunctionMetadataLoaderExtension.csproj", "{6B64FE04-BA90-49FC-893A-DF12EF15280C}"
EndProject
Project("{2150E333-8FDC-42A3-9474-1A3956D46DE8}") = "Solution Items", "Solution Items", "{42CB3DE7-B070-4BA1-8A7A-ACB237BEAA4E}"
	ProjectSection(SolutionItems) = preProject
		.editorconfig = .editorconfig
	EndProjectSection
EndProject
Project("{9A19103F-16F7-4668-BE54-9A1E7A4F7556}") = "TestUtility", "test\TestUtility\TestUtility.csproj", "{C30B77A7-4085-422E-AADE-A4322989F5F8}"
EndProject
Project("{9A19103F-16F7-4668-BE54-9A1E7A4F7556}") = "Sdk.Analyzers", "sdk\Sdk.Analyzers\Sdk.Analyzers.csproj", "{055D602D-D2B3-416B-AC59-1972D832032A}"
EndProject
Project("{2150E333-8FDC-42A3-9474-1A3956D46DE8}") = "src", "src", "{083592CA-7DAB-44CE-8979-44FAFA46AEC3}"
EndProject
Project("{9A19103F-16F7-4668-BE54-9A1E7A4F7556}") = "DotNetWorker.Grpc", "src\DotNetWorker.Grpc\DotNetWorker.Grpc.csproj", "{248ACC90-D4F9-432B-B7B9-341EF00FA072}"
EndProject
Project("{9A19103F-16F7-4668-BE54-9A1E7A4F7556}") = "DotNetWorker.Core", "src\DotNetWorker.Core\DotNetWorker.Core.csproj", "{23AAA8FA-5B51-49BF-8021-148C8031A321}"
EndProject
Project("{9A19103F-16F7-4668-BE54-9A1E7A4F7556}") = "Sdk.Generators", "sdk\Sdk.Generators\Sdk.Generators.csproj", "{F77CCCE6-2DC3-48AA-8FE8-1B135B76B90E}"
EndProject
Project("{9A19103F-16F7-4668-BE54-9A1E7A4F7556}") = "DotNetWorker.ApplicationInsights", "src\DotNetWorker.ApplicationInsights\DotNetWorker.ApplicationInsights.csproj", "{65DE66B6-568F-46AC-8F0D-C79A02F48214}"
EndProject
Project("{9A19103F-16F7-4668-BE54-9A1E7A4F7556}") = "DotNetWorker.OpenTelemetry", "src\DotNetWorker.OpenTelemetry\DotNetWorker.OpenTelemetry.csproj", "{82157559-DF60-496D-817F-84B34CFF76FD}"
EndProject
Project("{9A19103F-16F7-4668-BE54-9A1E7A4F7556}") = "DotNetWorker.OpenTelemetry.Tests", "test\DotNetWorker.OpenTelemetry.Tests\DotNetWorker.OpenTelemetry.Tests.csproj", "{9AE6E00C-5E6F-4615-9C69-464E9B208E8C}"
EndProject
Project("{9A19103F-16F7-4668-BE54-9A1E7A4F7556}") = "DotNetWorkerTests", "test\DotNetWorkerTests\DotNetWorkerTests.csproj", "{B0A6867D-2C35-4BF1-892E-CE84795525BD}"
EndProject
Project("{9A19103F-16F7-4668-BE54-9A1E7A4F7556}") = "Sdk.Analyzers.Tests", "test\Sdk.Analyzers.Tests\Sdk.Analyzers.Tests.csproj", "{C05499A2-0232-4F73-A6CA-043F0B26C485}"
EndProject
Project("{9A19103F-16F7-4668-BE54-9A1E7A4F7556}") = "Sdk.Generator.Tests", "test\Sdk.Generator.Tests\Sdk.Generator.Tests.csproj", "{9DF7E7E0-F669-4140-AE40-1BE53F0F6CF6}"
EndProject
Project("{2150E333-8FDC-42A3-9474-1A3956D46DE8}") = "sdk", "sdk", "{E785547C-7546-469F-827C-FDF999D5D7E8}"
EndProject
Project("{2150E333-8FDC-42A3-9474-1A3956D46DE8}") = "SampleExtensions", "SampleExtensions", "{93473E6C-2352-497F-85DA-36E01B9579F0}"
EndProject
Project("{9A19103F-16F7-4668-BE54-9A1E7A4F7556}") = "Worker.Extensions.Sample", "test\Worker.Extensions.Sample\Worker.Extensions.Sample.csproj", "{B2EEC775-6185-4094-B3B5-767E11EA8B36}"
EndProject
Project("{9A19103F-16F7-4668-BE54-9A1E7A4F7556}") = "Worker.Extensions.Sample-IncorrectImplementation", "test\Worker.Extensions.Sample-IncorrectImplementation\Worker.Extensions.Sample-IncorrectImplementation.csproj", "{AFF31023-C302-4FE9-829C-5D219DFCDFD5}"
EndProject
Project("{9A19103F-16F7-4668-BE54-9A1E7A4F7556}") = "DependentAssemblyWithFunctions", "test\DependentAssemblyWithFunctions\DependentAssemblyWithFunctions.csproj", "{BE88B7F0-F0DF-4EC4-8312-EDCB61810FA4}"
EndProject
Project("{9A19103F-16F7-4668-BE54-9A1E7A4F7556}") = "DependentAssemblyWithFunctions.NetStandard", "test\DependentAssemblyWithFunctions.NetStandard\DependentAssemblyWithFunctions.NetStandard.csproj", "{429D067C-0846-40EF-A264-AB0C5D551CB0}"
EndProject
Project("{FAE04EC0-301F-11D3-BF4B-00C04F79EFBC}") = "Sdk.E2ETests", "test\Sdk.E2ETests\Sdk.E2ETests.csproj", "{750993F6-4E3B-411B-9471-74CEA4F9C23A}"
EndProject
Project("{FAE04EC0-301F-11D3-BF4B-00C04F79EFBC}") = "Azure.Functions.Sdk", "src\Azure.Functions.Sdk\Azure.Functions.Sdk.csproj", "{02CBCC67-A10C-4064-AA5D-84533AC02342}"
EndProject
Global
	GlobalSection(SolutionConfigurationPlatforms) = preSolution
		Debug|Any CPU = Debug|Any CPU
		Debug|x64 = Debug|x64
		Debug|x86 = Debug|x86
		Release|Any CPU = Release|Any CPU
		Release|x64 = Release|x64
		Release|x86 = Release|x86
	EndGlobalSection
	GlobalSection(ProjectConfigurationPlatforms) = postSolution
		{2B47EC99-E383-4DFA-9130-DAF40FDA313B}.Debug|Any CPU.ActiveCfg = Debug|Any CPU
		{2B47EC99-E383-4DFA-9130-DAF40FDA313B}.Debug|Any CPU.Build.0 = Debug|Any CPU
		{2B47EC99-E383-4DFA-9130-DAF40FDA313B}.Debug|x64.ActiveCfg = Debug|Any CPU
		{2B47EC99-E383-4DFA-9130-DAF40FDA313B}.Debug|x64.Build.0 = Debug|Any CPU
		{2B47EC99-E383-4DFA-9130-DAF40FDA313B}.Debug|x86.ActiveCfg = Debug|Any CPU
		{2B47EC99-E383-4DFA-9130-DAF40FDA313B}.Debug|x86.Build.0 = Debug|Any CPU
		{2B47EC99-E383-4DFA-9130-DAF40FDA313B}.Release|Any CPU.ActiveCfg = Release|Any CPU
		{2B47EC99-E383-4DFA-9130-DAF40FDA313B}.Release|Any CPU.Build.0 = Release|Any CPU
		{2B47EC99-E383-4DFA-9130-DAF40FDA313B}.Release|x64.ActiveCfg = Release|Any CPU
		{2B47EC99-E383-4DFA-9130-DAF40FDA313B}.Release|x64.Build.0 = Release|Any CPU
		{2B47EC99-E383-4DFA-9130-DAF40FDA313B}.Release|x86.ActiveCfg = Release|Any CPU
		{2B47EC99-E383-4DFA-9130-DAF40FDA313B}.Release|x86.Build.0 = Release|Any CPU
		{E28BAAEF-4E70-4CAB-8475-759ECBAF1AF5}.Debug|Any CPU.ActiveCfg = Debug|Any CPU
		{E28BAAEF-4E70-4CAB-8475-759ECBAF1AF5}.Debug|Any CPU.Build.0 = Debug|Any CPU
		{E28BAAEF-4E70-4CAB-8475-759ECBAF1AF5}.Debug|x64.ActiveCfg = Debug|Any CPU
		{E28BAAEF-4E70-4CAB-8475-759ECBAF1AF5}.Debug|x64.Build.0 = Debug|Any CPU
		{E28BAAEF-4E70-4CAB-8475-759ECBAF1AF5}.Debug|x86.ActiveCfg = Debug|Any CPU
		{E28BAAEF-4E70-4CAB-8475-759ECBAF1AF5}.Debug|x86.Build.0 = Debug|Any CPU
		{E28BAAEF-4E70-4CAB-8475-759ECBAF1AF5}.Release|Any CPU.ActiveCfg = Release|Any CPU
		{E28BAAEF-4E70-4CAB-8475-759ECBAF1AF5}.Release|Any CPU.Build.0 = Release|Any CPU
		{E28BAAEF-4E70-4CAB-8475-759ECBAF1AF5}.Release|x64.ActiveCfg = Release|Any CPU
		{E28BAAEF-4E70-4CAB-8475-759ECBAF1AF5}.Release|x64.Build.0 = Release|Any CPU
		{E28BAAEF-4E70-4CAB-8475-759ECBAF1AF5}.Release|x86.ActiveCfg = Release|Any CPU
		{E28BAAEF-4E70-4CAB-8475-759ECBAF1AF5}.Release|x86.Build.0 = Release|Any CPU
		{6B64FE04-BA90-49FC-893A-DF12EF15280C}.Debug|Any CPU.ActiveCfg = Debug|Any CPU
		{6B64FE04-BA90-49FC-893A-DF12EF15280C}.Debug|Any CPU.Build.0 = Debug|Any CPU
		{6B64FE04-BA90-49FC-893A-DF12EF15280C}.Debug|x64.ActiveCfg = Debug|Any CPU
		{6B64FE04-BA90-49FC-893A-DF12EF15280C}.Debug|x64.Build.0 = Debug|Any CPU
		{6B64FE04-BA90-49FC-893A-DF12EF15280C}.Debug|x86.ActiveCfg = Debug|Any CPU
		{6B64FE04-BA90-49FC-893A-DF12EF15280C}.Debug|x86.Build.0 = Debug|Any CPU
		{6B64FE04-BA90-49FC-893A-DF12EF15280C}.Release|Any CPU.ActiveCfg = Release|Any CPU
		{6B64FE04-BA90-49FC-893A-DF12EF15280C}.Release|Any CPU.Build.0 = Release|Any CPU
		{6B64FE04-BA90-49FC-893A-DF12EF15280C}.Release|x64.ActiveCfg = Release|Any CPU
		{6B64FE04-BA90-49FC-893A-DF12EF15280C}.Release|x64.Build.0 = Release|Any CPU
		{6B64FE04-BA90-49FC-893A-DF12EF15280C}.Release|x86.ActiveCfg = Release|Any CPU
		{6B64FE04-BA90-49FC-893A-DF12EF15280C}.Release|x86.Build.0 = Release|Any CPU
		{C30B77A7-4085-422E-AADE-A4322989F5F8}.Debug|Any CPU.ActiveCfg = Debug|Any CPU
		{C30B77A7-4085-422E-AADE-A4322989F5F8}.Debug|Any CPU.Build.0 = Debug|Any CPU
		{C30B77A7-4085-422E-AADE-A4322989F5F8}.Debug|x64.ActiveCfg = Debug|Any CPU
		{C30B77A7-4085-422E-AADE-A4322989F5F8}.Debug|x64.Build.0 = Debug|Any CPU
		{C30B77A7-4085-422E-AADE-A4322989F5F8}.Debug|x86.ActiveCfg = Debug|Any CPU
		{C30B77A7-4085-422E-AADE-A4322989F5F8}.Debug|x86.Build.0 = Debug|Any CPU
		{C30B77A7-4085-422E-AADE-A4322989F5F8}.Release|Any CPU.ActiveCfg = Release|Any CPU
		{C30B77A7-4085-422E-AADE-A4322989F5F8}.Release|Any CPU.Build.0 = Release|Any CPU
		{C30B77A7-4085-422E-AADE-A4322989F5F8}.Release|x64.ActiveCfg = Release|Any CPU
		{C30B77A7-4085-422E-AADE-A4322989F5F8}.Release|x64.Build.0 = Release|Any CPU
		{C30B77A7-4085-422E-AADE-A4322989F5F8}.Release|x86.ActiveCfg = Release|Any CPU
		{C30B77A7-4085-422E-AADE-A4322989F5F8}.Release|x86.Build.0 = Release|Any CPU
		{055D602D-D2B3-416B-AC59-1972D832032A}.Debug|Any CPU.ActiveCfg = Debug|Any CPU
		{055D602D-D2B3-416B-AC59-1972D832032A}.Debug|Any CPU.Build.0 = Debug|Any CPU
		{055D602D-D2B3-416B-AC59-1972D832032A}.Debug|x64.ActiveCfg = Debug|Any CPU
		{055D602D-D2B3-416B-AC59-1972D832032A}.Debug|x64.Build.0 = Debug|Any CPU
		{055D602D-D2B3-416B-AC59-1972D832032A}.Debug|x86.ActiveCfg = Debug|Any CPU
		{055D602D-D2B3-416B-AC59-1972D832032A}.Debug|x86.Build.0 = Debug|Any CPU
		{055D602D-D2B3-416B-AC59-1972D832032A}.Release|Any CPU.ActiveCfg = Release|Any CPU
		{055D602D-D2B3-416B-AC59-1972D832032A}.Release|Any CPU.Build.0 = Release|Any CPU
		{055D602D-D2B3-416B-AC59-1972D832032A}.Release|x64.ActiveCfg = Release|Any CPU
		{055D602D-D2B3-416B-AC59-1972D832032A}.Release|x64.Build.0 = Release|Any CPU
		{055D602D-D2B3-416B-AC59-1972D832032A}.Release|x86.ActiveCfg = Release|Any CPU
		{055D602D-D2B3-416B-AC59-1972D832032A}.Release|x86.Build.0 = Release|Any CPU
		{248ACC90-D4F9-432B-B7B9-341EF00FA072}.Debug|Any CPU.ActiveCfg = Debug|Any CPU
		{248ACC90-D4F9-432B-B7B9-341EF00FA072}.Debug|Any CPU.Build.0 = Debug|Any CPU
		{248ACC90-D4F9-432B-B7B9-341EF00FA072}.Debug|x64.ActiveCfg = Debug|Any CPU
		{248ACC90-D4F9-432B-B7B9-341EF00FA072}.Debug|x64.Build.0 = Debug|Any CPU
		{248ACC90-D4F9-432B-B7B9-341EF00FA072}.Debug|x86.ActiveCfg = Debug|Any CPU
		{248ACC90-D4F9-432B-B7B9-341EF00FA072}.Debug|x86.Build.0 = Debug|Any CPU
		{248ACC90-D4F9-432B-B7B9-341EF00FA072}.Release|Any CPU.ActiveCfg = Release|Any CPU
		{248ACC90-D4F9-432B-B7B9-341EF00FA072}.Release|Any CPU.Build.0 = Release|Any CPU
		{248ACC90-D4F9-432B-B7B9-341EF00FA072}.Release|x64.ActiveCfg = Release|Any CPU
		{248ACC90-D4F9-432B-B7B9-341EF00FA072}.Release|x64.Build.0 = Release|Any CPU
		{248ACC90-D4F9-432B-B7B9-341EF00FA072}.Release|x86.ActiveCfg = Release|Any CPU
		{248ACC90-D4F9-432B-B7B9-341EF00FA072}.Release|x86.Build.0 = Release|Any CPU
		{23AAA8FA-5B51-49BF-8021-148C8031A321}.Debug|Any CPU.ActiveCfg = Debug|Any CPU
		{23AAA8FA-5B51-49BF-8021-148C8031A321}.Debug|Any CPU.Build.0 = Debug|Any CPU
		{23AAA8FA-5B51-49BF-8021-148C8031A321}.Debug|x64.ActiveCfg = Debug|Any CPU
		{23AAA8FA-5B51-49BF-8021-148C8031A321}.Debug|x64.Build.0 = Debug|Any CPU
		{23AAA8FA-5B51-49BF-8021-148C8031A321}.Debug|x86.ActiveCfg = Debug|Any CPU
		{23AAA8FA-5B51-49BF-8021-148C8031A321}.Debug|x86.Build.0 = Debug|Any CPU
		{23AAA8FA-5B51-49BF-8021-148C8031A321}.Release|Any CPU.ActiveCfg = Release|Any CPU
		{23AAA8FA-5B51-49BF-8021-148C8031A321}.Release|Any CPU.Build.0 = Release|Any CPU
		{23AAA8FA-5B51-49BF-8021-148C8031A321}.Release|x64.ActiveCfg = Release|Any CPU
		{23AAA8FA-5B51-49BF-8021-148C8031A321}.Release|x64.Build.0 = Release|Any CPU
		{23AAA8FA-5B51-49BF-8021-148C8031A321}.Release|x86.ActiveCfg = Release|Any CPU
		{23AAA8FA-5B51-49BF-8021-148C8031A321}.Release|x86.Build.0 = Release|Any CPU
		{F77CCCE6-2DC3-48AA-8FE8-1B135B76B90E}.Debug|Any CPU.ActiveCfg = Debug|Any CPU
		{F77CCCE6-2DC3-48AA-8FE8-1B135B76B90E}.Debug|Any CPU.Build.0 = Debug|Any CPU
		{F77CCCE6-2DC3-48AA-8FE8-1B135B76B90E}.Debug|x64.ActiveCfg = Debug|Any CPU
		{F77CCCE6-2DC3-48AA-8FE8-1B135B76B90E}.Debug|x64.Build.0 = Debug|Any CPU
		{F77CCCE6-2DC3-48AA-8FE8-1B135B76B90E}.Debug|x86.ActiveCfg = Debug|Any CPU
		{F77CCCE6-2DC3-48AA-8FE8-1B135B76B90E}.Debug|x86.Build.0 = Debug|Any CPU
		{F77CCCE6-2DC3-48AA-8FE8-1B135B76B90E}.Release|Any CPU.ActiveCfg = Release|Any CPU
		{F77CCCE6-2DC3-48AA-8FE8-1B135B76B90E}.Release|Any CPU.Build.0 = Release|Any CPU
		{F77CCCE6-2DC3-48AA-8FE8-1B135B76B90E}.Release|x64.ActiveCfg = Release|Any CPU
		{F77CCCE6-2DC3-48AA-8FE8-1B135B76B90E}.Release|x64.Build.0 = Release|Any CPU
		{F77CCCE6-2DC3-48AA-8FE8-1B135B76B90E}.Release|x86.ActiveCfg = Release|Any CPU
		{F77CCCE6-2DC3-48AA-8FE8-1B135B76B90E}.Release|x86.Build.0 = Release|Any CPU
		{65DE66B6-568F-46AC-8F0D-C79A02F48214}.Debug|Any CPU.ActiveCfg = Debug|Any CPU
		{65DE66B6-568F-46AC-8F0D-C79A02F48214}.Debug|Any CPU.Build.0 = Debug|Any CPU
		{65DE66B6-568F-46AC-8F0D-C79A02F48214}.Debug|x64.ActiveCfg = Debug|Any CPU
		{65DE66B6-568F-46AC-8F0D-C79A02F48214}.Debug|x64.Build.0 = Debug|Any CPU
		{65DE66B6-568F-46AC-8F0D-C79A02F48214}.Debug|x86.ActiveCfg = Debug|Any CPU
		{65DE66B6-568F-46AC-8F0D-C79A02F48214}.Debug|x86.Build.0 = Debug|Any CPU
		{65DE66B6-568F-46AC-8F0D-C79A02F48214}.Release|Any CPU.ActiveCfg = Release|Any CPU
		{65DE66B6-568F-46AC-8F0D-C79A02F48214}.Release|Any CPU.Build.0 = Release|Any CPU
		{65DE66B6-568F-46AC-8F0D-C79A02F48214}.Release|x64.ActiveCfg = Release|Any CPU
		{65DE66B6-568F-46AC-8F0D-C79A02F48214}.Release|x64.Build.0 = Release|Any CPU
		{65DE66B6-568F-46AC-8F0D-C79A02F48214}.Release|x86.ActiveCfg = Release|Any CPU
		{65DE66B6-568F-46AC-8F0D-C79A02F48214}.Release|x86.Build.0 = Release|Any CPU
		{82157559-DF60-496D-817F-84B34CFF76FD}.Debug|Any CPU.ActiveCfg = Debug|Any CPU
		{82157559-DF60-496D-817F-84B34CFF76FD}.Debug|Any CPU.Build.0 = Debug|Any CPU
		{82157559-DF60-496D-817F-84B34CFF76FD}.Debug|x64.ActiveCfg = Debug|Any CPU
		{82157559-DF60-496D-817F-84B34CFF76FD}.Debug|x64.Build.0 = Debug|Any CPU
		{82157559-DF60-496D-817F-84B34CFF76FD}.Debug|x86.ActiveCfg = Debug|Any CPU
		{82157559-DF60-496D-817F-84B34CFF76FD}.Debug|x86.Build.0 = Debug|Any CPU
		{82157559-DF60-496D-817F-84B34CFF76FD}.Release|Any CPU.ActiveCfg = Release|Any CPU
		{82157559-DF60-496D-817F-84B34CFF76FD}.Release|Any CPU.Build.0 = Release|Any CPU
		{82157559-DF60-496D-817F-84B34CFF76FD}.Release|x64.ActiveCfg = Release|Any CPU
		{82157559-DF60-496D-817F-84B34CFF76FD}.Release|x64.Build.0 = Release|Any CPU
		{82157559-DF60-496D-817F-84B34CFF76FD}.Release|x86.ActiveCfg = Release|Any CPU
		{82157559-DF60-496D-817F-84B34CFF76FD}.Release|x86.Build.0 = Release|Any CPU
		{9AE6E00C-5E6F-4615-9C69-464E9B208E8C}.Debug|Any CPU.ActiveCfg = Debug|Any CPU
		{9AE6E00C-5E6F-4615-9C69-464E9B208E8C}.Debug|Any CPU.Build.0 = Debug|Any CPU
		{9AE6E00C-5E6F-4615-9C69-464E9B208E8C}.Debug|x64.ActiveCfg = Debug|Any CPU
		{9AE6E00C-5E6F-4615-9C69-464E9B208E8C}.Debug|x64.Build.0 = Debug|Any CPU
		{9AE6E00C-5E6F-4615-9C69-464E9B208E8C}.Debug|x86.ActiveCfg = Debug|Any CPU
		{9AE6E00C-5E6F-4615-9C69-464E9B208E8C}.Debug|x86.Build.0 = Debug|Any CPU
		{9AE6E00C-5E6F-4615-9C69-464E9B208E8C}.Release|Any CPU.ActiveCfg = Release|Any CPU
		{9AE6E00C-5E6F-4615-9C69-464E9B208E8C}.Release|Any CPU.Build.0 = Release|Any CPU
		{9AE6E00C-5E6F-4615-9C69-464E9B208E8C}.Release|x64.ActiveCfg = Release|Any CPU
		{9AE6E00C-5E6F-4615-9C69-464E9B208E8C}.Release|x64.Build.0 = Release|Any CPU
		{9AE6E00C-5E6F-4615-9C69-464E9B208E8C}.Release|x86.ActiveCfg = Release|Any CPU
		{9AE6E00C-5E6F-4615-9C69-464E9B208E8C}.Release|x86.Build.0 = Release|Any CPU
		{B0A6867D-2C35-4BF1-892E-CE84795525BD}.Debug|Any CPU.ActiveCfg = Debug|Any CPU
		{B0A6867D-2C35-4BF1-892E-CE84795525BD}.Debug|Any CPU.Build.0 = Debug|Any CPU
		{B0A6867D-2C35-4BF1-892E-CE84795525BD}.Debug|x64.ActiveCfg = Debug|Any CPU
		{B0A6867D-2C35-4BF1-892E-CE84795525BD}.Debug|x64.Build.0 = Debug|Any CPU
		{B0A6867D-2C35-4BF1-892E-CE84795525BD}.Debug|x86.ActiveCfg = Debug|Any CPU
		{B0A6867D-2C35-4BF1-892E-CE84795525BD}.Debug|x86.Build.0 = Debug|Any CPU
		{B0A6867D-2C35-4BF1-892E-CE84795525BD}.Release|Any CPU.ActiveCfg = Release|Any CPU
		{B0A6867D-2C35-4BF1-892E-CE84795525BD}.Release|Any CPU.Build.0 = Release|Any CPU
		{B0A6867D-2C35-4BF1-892E-CE84795525BD}.Release|x64.ActiveCfg = Release|Any CPU
		{B0A6867D-2C35-4BF1-892E-CE84795525BD}.Release|x64.Build.0 = Release|Any CPU
		{B0A6867D-2C35-4BF1-892E-CE84795525BD}.Release|x86.ActiveCfg = Release|Any CPU
		{B0A6867D-2C35-4BF1-892E-CE84795525BD}.Release|x86.Build.0 = Release|Any CPU
		{C05499A2-0232-4F73-A6CA-043F0B26C485}.Debug|Any CPU.ActiveCfg = Debug|Any CPU
		{C05499A2-0232-4F73-A6CA-043F0B26C485}.Debug|Any CPU.Build.0 = Debug|Any CPU
		{C05499A2-0232-4F73-A6CA-043F0B26C485}.Debug|x64.ActiveCfg = Debug|Any CPU
		{C05499A2-0232-4F73-A6CA-043F0B26C485}.Debug|x64.Build.0 = Debug|Any CPU
		{C05499A2-0232-4F73-A6CA-043F0B26C485}.Debug|x86.ActiveCfg = Debug|Any CPU
		{C05499A2-0232-4F73-A6CA-043F0B26C485}.Debug|x86.Build.0 = Debug|Any CPU
		{C05499A2-0232-4F73-A6CA-043F0B26C485}.Release|Any CPU.ActiveCfg = Release|Any CPU
		{C05499A2-0232-4F73-A6CA-043F0B26C485}.Release|Any CPU.Build.0 = Release|Any CPU
		{C05499A2-0232-4F73-A6CA-043F0B26C485}.Release|x64.ActiveCfg = Release|Any CPU
		{C05499A2-0232-4F73-A6CA-043F0B26C485}.Release|x64.Build.0 = Release|Any CPU
		{C05499A2-0232-4F73-A6CA-043F0B26C485}.Release|x86.ActiveCfg = Release|Any CPU
		{C05499A2-0232-4F73-A6CA-043F0B26C485}.Release|x86.Build.0 = Release|Any CPU
		{9DF7E7E0-F669-4140-AE40-1BE53F0F6CF6}.Debug|Any CPU.ActiveCfg = Debug|Any CPU
		{9DF7E7E0-F669-4140-AE40-1BE53F0F6CF6}.Debug|Any CPU.Build.0 = Debug|Any CPU
		{9DF7E7E0-F669-4140-AE40-1BE53F0F6CF6}.Debug|x64.ActiveCfg = Debug|Any CPU
		{9DF7E7E0-F669-4140-AE40-1BE53F0F6CF6}.Debug|x64.Build.0 = Debug|Any CPU
		{9DF7E7E0-F669-4140-AE40-1BE53F0F6CF6}.Debug|x86.ActiveCfg = Debug|Any CPU
		{9DF7E7E0-F669-4140-AE40-1BE53F0F6CF6}.Debug|x86.Build.0 = Debug|Any CPU
		{9DF7E7E0-F669-4140-AE40-1BE53F0F6CF6}.Release|Any CPU.ActiveCfg = Release|Any CPU
		{9DF7E7E0-F669-4140-AE40-1BE53F0F6CF6}.Release|Any CPU.Build.0 = Release|Any CPU
		{9DF7E7E0-F669-4140-AE40-1BE53F0F6CF6}.Release|x64.ActiveCfg = Release|Any CPU
		{9DF7E7E0-F669-4140-AE40-1BE53F0F6CF6}.Release|x64.Build.0 = Release|Any CPU
		{9DF7E7E0-F669-4140-AE40-1BE53F0F6CF6}.Release|x86.ActiveCfg = Release|Any CPU
		{9DF7E7E0-F669-4140-AE40-1BE53F0F6CF6}.Release|x86.Build.0 = Release|Any CPU
		{B2EEC775-6185-4094-B3B5-767E11EA8B36}.Debug|Any CPU.ActiveCfg = Debug|Any CPU
		{B2EEC775-6185-4094-B3B5-767E11EA8B36}.Debug|Any CPU.Build.0 = Debug|Any CPU
		{B2EEC775-6185-4094-B3B5-767E11EA8B36}.Debug|x64.ActiveCfg = Debug|Any CPU
		{B2EEC775-6185-4094-B3B5-767E11EA8B36}.Debug|x64.Build.0 = Debug|Any CPU
		{B2EEC775-6185-4094-B3B5-767E11EA8B36}.Debug|x86.ActiveCfg = Debug|Any CPU
		{B2EEC775-6185-4094-B3B5-767E11EA8B36}.Debug|x86.Build.0 = Debug|Any CPU
		{B2EEC775-6185-4094-B3B5-767E11EA8B36}.Release|Any CPU.ActiveCfg = Release|Any CPU
		{B2EEC775-6185-4094-B3B5-767E11EA8B36}.Release|Any CPU.Build.0 = Release|Any CPU
		{B2EEC775-6185-4094-B3B5-767E11EA8B36}.Release|x64.ActiveCfg = Release|Any CPU
		{B2EEC775-6185-4094-B3B5-767E11EA8B36}.Release|x64.Build.0 = Release|Any CPU
		{B2EEC775-6185-4094-B3B5-767E11EA8B36}.Release|x86.ActiveCfg = Release|Any CPU
		{B2EEC775-6185-4094-B3B5-767E11EA8B36}.Release|x86.Build.0 = Release|Any CPU
		{AFF31023-C302-4FE9-829C-5D219DFCDFD5}.Debug|Any CPU.ActiveCfg = Debug|Any CPU
		{AFF31023-C302-4FE9-829C-5D219DFCDFD5}.Debug|Any CPU.Build.0 = Debug|Any CPU
		{AFF31023-C302-4FE9-829C-5D219DFCDFD5}.Debug|x64.ActiveCfg = Debug|Any CPU
		{AFF31023-C302-4FE9-829C-5D219DFCDFD5}.Debug|x64.Build.0 = Debug|Any CPU
		{AFF31023-C302-4FE9-829C-5D219DFCDFD5}.Debug|x86.ActiveCfg = Debug|Any CPU
		{AFF31023-C302-4FE9-829C-5D219DFCDFD5}.Debug|x86.Build.0 = Debug|Any CPU
		{AFF31023-C302-4FE9-829C-5D219DFCDFD5}.Release|Any CPU.ActiveCfg = Release|Any CPU
		{AFF31023-C302-4FE9-829C-5D219DFCDFD5}.Release|Any CPU.Build.0 = Release|Any CPU
		{AFF31023-C302-4FE9-829C-5D219DFCDFD5}.Release|x64.ActiveCfg = Release|Any CPU
		{AFF31023-C302-4FE9-829C-5D219DFCDFD5}.Release|x64.Build.0 = Release|Any CPU
		{AFF31023-C302-4FE9-829C-5D219DFCDFD5}.Release|x86.ActiveCfg = Release|Any CPU
		{AFF31023-C302-4FE9-829C-5D219DFCDFD5}.Release|x86.Build.0 = Release|Any CPU
		{BE88B7F0-F0DF-4EC4-8312-EDCB61810FA4}.Debug|Any CPU.ActiveCfg = Debug|Any CPU
		{BE88B7F0-F0DF-4EC4-8312-EDCB61810FA4}.Debug|Any CPU.Build.0 = Debug|Any CPU
		{BE88B7F0-F0DF-4EC4-8312-EDCB61810FA4}.Debug|x64.ActiveCfg = Debug|Any CPU
		{BE88B7F0-F0DF-4EC4-8312-EDCB61810FA4}.Debug|x64.Build.0 = Debug|Any CPU
		{BE88B7F0-F0DF-4EC4-8312-EDCB61810FA4}.Debug|x86.ActiveCfg = Debug|Any CPU
		{BE88B7F0-F0DF-4EC4-8312-EDCB61810FA4}.Debug|x86.Build.0 = Debug|Any CPU
		{BE88B7F0-F0DF-4EC4-8312-EDCB61810FA4}.Release|Any CPU.ActiveCfg = Release|Any CPU
		{BE88B7F0-F0DF-4EC4-8312-EDCB61810FA4}.Release|Any CPU.Build.0 = Release|Any CPU
		{BE88B7F0-F0DF-4EC4-8312-EDCB61810FA4}.Release|x64.ActiveCfg = Release|Any CPU
		{BE88B7F0-F0DF-4EC4-8312-EDCB61810FA4}.Release|x64.Build.0 = Release|Any CPU
		{BE88B7F0-F0DF-4EC4-8312-EDCB61810FA4}.Release|x86.ActiveCfg = Release|Any CPU
		{BE88B7F0-F0DF-4EC4-8312-EDCB61810FA4}.Release|x86.Build.0 = Release|Any CPU
		{429D067C-0846-40EF-A264-AB0C5D551CB0}.Debug|Any CPU.ActiveCfg = Debug|Any CPU
		{429D067C-0846-40EF-A264-AB0C5D551CB0}.Debug|Any CPU.Build.0 = Debug|Any CPU
		{429D067C-0846-40EF-A264-AB0C5D551CB0}.Debug|x64.ActiveCfg = Debug|Any CPU
		{429D067C-0846-40EF-A264-AB0C5D551CB0}.Debug|x64.Build.0 = Debug|Any CPU
		{429D067C-0846-40EF-A264-AB0C5D551CB0}.Debug|x86.ActiveCfg = Debug|Any CPU
		{429D067C-0846-40EF-A264-AB0C5D551CB0}.Debug|x86.Build.0 = Debug|Any CPU
		{429D067C-0846-40EF-A264-AB0C5D551CB0}.Release|Any CPU.ActiveCfg = Release|Any CPU
		{429D067C-0846-40EF-A264-AB0C5D551CB0}.Release|Any CPU.Build.0 = Release|Any CPU
		{429D067C-0846-40EF-A264-AB0C5D551CB0}.Release|x64.ActiveCfg = Release|Any CPU
		{429D067C-0846-40EF-A264-AB0C5D551CB0}.Release|x64.Build.0 = Release|Any CPU
		{429D067C-0846-40EF-A264-AB0C5D551CB0}.Release|x86.ActiveCfg = Release|Any CPU
		{429D067C-0846-40EF-A264-AB0C5D551CB0}.Release|x86.Build.0 = Release|Any CPU
		{750993F6-4E3B-411B-9471-74CEA4F9C23A}.Debug|Any CPU.ActiveCfg = Debug|Any CPU
		{750993F6-4E3B-411B-9471-74CEA4F9C23A}.Debug|Any CPU.Build.0 = Debug|Any CPU
		{750993F6-4E3B-411B-9471-74CEA4F9C23A}.Debug|x64.ActiveCfg = Debug|Any CPU
		{750993F6-4E3B-411B-9471-74CEA4F9C23A}.Debug|x64.Build.0 = Debug|Any CPU
		{750993F6-4E3B-411B-9471-74CEA4F9C23A}.Debug|x86.ActiveCfg = Debug|Any CPU
		{750993F6-4E3B-411B-9471-74CEA4F9C23A}.Debug|x86.Build.0 = Debug|Any CPU
		{750993F6-4E3B-411B-9471-74CEA4F9C23A}.Release|Any CPU.ActiveCfg = Release|Any CPU
		{750993F6-4E3B-411B-9471-74CEA4F9C23A}.Release|Any CPU.Build.0 = Release|Any CPU
		{750993F6-4E3B-411B-9471-74CEA4F9C23A}.Release|x64.ActiveCfg = Release|Any CPU
		{750993F6-4E3B-411B-9471-74CEA4F9C23A}.Release|x64.Build.0 = Release|Any CPU
		{750993F6-4E3B-411B-9471-74CEA4F9C23A}.Release|x86.ActiveCfg = Release|Any CPU
		{750993F6-4E3B-411B-9471-74CEA4F9C23A}.Release|x86.Build.0 = Release|Any CPU
		{02CBCC67-A10C-4064-AA5D-84533AC02342}.Debug|Any CPU.ActiveCfg = Debug|Any CPU
		{02CBCC67-A10C-4064-AA5D-84533AC02342}.Debug|Any CPU.Build.0 = Debug|Any CPU
		{02CBCC67-A10C-4064-AA5D-84533AC02342}.Debug|x64.ActiveCfg = Debug|Any CPU
		{02CBCC67-A10C-4064-AA5D-84533AC02342}.Debug|x64.Build.0 = Debug|Any CPU
		{02CBCC67-A10C-4064-AA5D-84533AC02342}.Debug|x86.ActiveCfg = Debug|Any CPU
		{02CBCC67-A10C-4064-AA5D-84533AC02342}.Debug|x86.Build.0 = Debug|Any CPU
		{02CBCC67-A10C-4064-AA5D-84533AC02342}.Release|Any CPU.ActiveCfg = Release|Any CPU
		{02CBCC67-A10C-4064-AA5D-84533AC02342}.Release|Any CPU.Build.0 = Release|Any CPU
		{02CBCC67-A10C-4064-AA5D-84533AC02342}.Release|x64.ActiveCfg = Release|Any CPU
		{02CBCC67-A10C-4064-AA5D-84533AC02342}.Release|x64.Build.0 = Release|Any CPU
		{02CBCC67-A10C-4064-AA5D-84533AC02342}.Release|x86.ActiveCfg = Release|Any CPU
		{02CBCC67-A10C-4064-AA5D-84533AC02342}.Release|x86.Build.0 = Release|Any CPU
	EndGlobalSection
	GlobalSection(SolutionProperties) = preSolution
		HideSolutionNode = FALSE
	EndGlobalSection
	GlobalSection(NestedProjects) = preSolution
		{2B47EC99-E383-4DFA-9130-DAF40FDA313B} = {083592CA-7DAB-44CE-8979-44FAFA46AEC3}
		{E28BAAEF-4E70-4CAB-8475-759ECBAF1AF5} = {4B0D77E7-FA83-4FDD-9E67-CC95EAD21348}
		{6B64FE04-BA90-49FC-893A-DF12EF15280C} = {4B0D77E7-FA83-4FDD-9E67-CC95EAD21348}
		{C30B77A7-4085-422E-AADE-A4322989F5F8} = {FD7243E4-BF18-43F8-8744-BA1D17ACF378}
		{055D602D-D2B3-416B-AC59-1972D832032A} = {4B0D77E7-FA83-4FDD-9E67-CC95EAD21348}
		{248ACC90-D4F9-432B-B7B9-341EF00FA072} = {083592CA-7DAB-44CE-8979-44FAFA46AEC3}
		{23AAA8FA-5B51-49BF-8021-148C8031A321} = {083592CA-7DAB-44CE-8979-44FAFA46AEC3}
		{F77CCCE6-2DC3-48AA-8FE8-1B135B76B90E} = {4B0D77E7-FA83-4FDD-9E67-CC95EAD21348}
		{65DE66B6-568F-46AC-8F0D-C79A02F48214} = {083592CA-7DAB-44CE-8979-44FAFA46AEC3}
		{82157559-DF60-496D-817F-84B34CFF76FD} = {083592CA-7DAB-44CE-8979-44FAFA46AEC3}
		{9AE6E00C-5E6F-4615-9C69-464E9B208E8C} = {FD7243E4-BF18-43F8-8744-BA1D17ACF378}
		{B0A6867D-2C35-4BF1-892E-CE84795525BD} = {FD7243E4-BF18-43F8-8744-BA1D17ACF378}
		{C05499A2-0232-4F73-A6CA-043F0B26C485} = {E785547C-7546-469F-827C-FDF999D5D7E8}
		{9DF7E7E0-F669-4140-AE40-1BE53F0F6CF6} = {E785547C-7546-469F-827C-FDF999D5D7E8}
		{E785547C-7546-469F-827C-FDF999D5D7E8} = {FD7243E4-BF18-43F8-8744-BA1D17ACF378}
		{93473E6C-2352-497F-85DA-36E01B9579F0} = {E785547C-7546-469F-827C-FDF999D5D7E8}
		{B2EEC775-6185-4094-B3B5-767E11EA8B36} = {93473E6C-2352-497F-85DA-36E01B9579F0}
		{AFF31023-C302-4FE9-829C-5D219DFCDFD5} = {93473E6C-2352-497F-85DA-36E01B9579F0}
		{BE88B7F0-F0DF-4EC4-8312-EDCB61810FA4} = {E785547C-7546-469F-827C-FDF999D5D7E8}
		{429D067C-0846-40EF-A264-AB0C5D551CB0} = {E785547C-7546-469F-827C-FDF999D5D7E8}
		{750993F6-4E3B-411B-9471-74CEA4F9C23A} = {E785547C-7546-469F-827C-FDF999D5D7E8}
		{02CBCC67-A10C-4064-AA5D-84533AC02342} = {083592CA-7DAB-44CE-8979-44FAFA46AEC3}
	EndGlobalSection
	GlobalSection(ExtensibilityGlobals) = postSolution
		SolutionGuid = {497D2ED4-A13E-4BCA-8D29-F30CA7D0EA4A}
	EndGlobalSection
EndGlobal
