
Microsoft Visual Studio Solution File, Format Version 12.00
# Visual Studio Version 16
VisualStudioVersion = 16.0.30204.135
MinimumVisualStudioVersion = 10.0.40219.1
Project("{2150E333-8FDC-42A3-9474-1A3956D46DE8}") = "samples", "samples", "{9D6603BD-7EA2-4D11-A69C-0D9E01317FD6}"
EndProject
Project("{2150E333-8FDC-42A3-9474-1A3956D46DE8}") = "test", "test", "{FD7243E4-BF18-43F8-8744-BA1D17ACF378}"
EndProject
Project("{9A19103F-16F7-4668-BE54-9A1E7A4F7556}") = "FunctionApp", "samples\FunctionApp\FunctionApp.csproj", "{E61EE414-3693-4C83-BDAA-17AB0024D0E6}"
EndProject
Project("{9A19103F-16F7-4668-BE54-9A1E7A4F7556}") = "DotNetWorker", "src\DotNetWorker\DotNetWorker.csproj", "{2B47EC99-E383-4DFA-9130-DAF40FDA313B}"
EndProject
Project("{9A19103F-16F7-4668-BE54-9A1E7A4F7556}") = "DotNetWorkerTests", "test\DotNetWorkerTests\DotNetWorkerTests.csproj", "{02D1B220-3DAE-40E7-B5CC-86501756BF92}"
EndProject
Project("{2150E333-8FDC-42A3-9474-1A3956D46DE8}") = "sdk", "sdk", "{4B0D77E7-FA83-4FDD-9E67-CC95EAD21348}"
EndProject
Project("{2150E333-8FDC-42A3-9474-1A3956D46DE8}") = "build", "build", "{1B6B4B62-686E-44B4-9CEC-710DA34BC09E}"
	ProjectSection(SolutionItems) = preProject
		build\Common.props = build\Common.props
		build\Extensions.props = build\Extensions.props
		build\icon.png = build\icon.png
		build\Icon.props = build\Icon.props
		build\PackageInfo.props = build\PackageInfo.props
	EndProjectSection
EndProject
Project("{9A19103F-16F7-4668-BE54-9A1E7A4F7556}") = "Sdk", "sdk\Sdk\Sdk.csproj", "{E28BAAEF-4E70-4CAB-8475-759ECBAF1AF5}"
EndProject
Project("{9A19103F-16F7-4668-BE54-9A1E7A4F7556}") = "SdkTests", "test\FunctionMetadataGeneratorTests\SdkTests.csproj", "{5C38C5A3-83A5-4E2F-9B32-204C2225E890}"
EndProject
Project("{9A19103F-16F7-4668-BE54-9A1E7A4F7556}") = "FunctionMetadataLoaderExtension", "sdk\FunctionMetadataLoaderExtension\FunctionMetadataLoaderExtension.csproj", "{6B64FE04-BA90-49FC-893A-DF12EF15280C}"
EndProject
Project("{9A19103F-16F7-4668-BE54-9A1E7A4F7556}") = "SdkE2ETests", "test\SdkE2ETests\SdkE2ETests.csproj", "{BFB2832E-C3AB-4F09-B285-B24E535EC858}"
EndProject
Project("{2150E333-8FDC-42A3-9474-1A3956D46DE8}") = "Solution Items", "Solution Items", "{42CB3DE7-B070-4BA1-8A7A-ACB237BEAA4E}"
	ProjectSection(SolutionItems) = preProject
		.editorconfig = .editorconfig
	EndProjectSection
EndProject
Project("{9A19103F-16F7-4668-BE54-9A1E7A4F7556}") = "TestUtility", "test\TestUtility\TestUtility.csproj", "{C30B77A7-4085-422E-AADE-A4322989F5F8}"
EndProject
Project("{2150E333-8FDC-42A3-9474-1A3956D46DE8}") = "extensions", "extensions", "{A7B4FF1E-3DF7-4F28-9333-D0961CDDF702}"
EndProject
Project("{9A19103F-16F7-4668-BE54-9A1E7A4F7556}") = "Worker.Extensions.Http", "extensions\Worker.Extensions.Http\Worker.Extensions.Http.csproj", "{1E601406-6923-4CB9-AAD7-928E08906B10}"
EndProject
Project("{9A19103F-16F7-4668-BE54-9A1E7A4F7556}") = "Worker.Extensions.Abstractions", "extensions\Worker.Extensions.Abstractions\Worker.Extensions.Abstractions.csproj", "{B5F66802-0968-4B99-8E97-E42C744CE5CE}"
EndProject
Project("{9A19103F-16F7-4668-BE54-9A1E7A4F7556}") = "Worker.Extensions.Storage", "extensions\Worker.Extensions.Storage\Worker.Extensions.Storage.csproj", "{D6EAB0C1-491C-4723-B1F3-B6F5461CD359}"
EndProject
Project("{9A19103F-16F7-4668-BE54-9A1E7A4F7556}") = "Worker.Extensions.Timer", "extensions\Worker.Extensions.Timer\Worker.Extensions.Timer.csproj", "{4DBEC557-E5CC-41E9-9319-BC02615CF228}"
EndProject
Project("{9A19103F-16F7-4668-BE54-9A1E7A4F7556}") = "Worker.Extensions.CosmosDB", "extensions\Worker.Extensions.CosmosDB\Worker.Extensions.CosmosDB.csproj", "{37F71B56-1FC7-4BEC-9AB4-FF57C6BF2882}"
EndProject
Project("{9A19103F-16F7-4668-BE54-9A1E7A4F7556}") = "Worker.Extensions.EventGrid", "extensions\Worker.Extensions.EventGrid\Worker.Extensions.EventGrid.csproj", "{9C305047-0B81-4DA1-98D4-BC8B391A2297}"
EndProject
Project("{9A19103F-16F7-4668-BE54-9A1E7A4F7556}") = "Worker.Extensions.ServiceBus", "extensions\Worker.Extensions.ServiceBus\Worker.Extensions.ServiceBus.csproj", "{660B4D9D-081A-4DCA-BD7A-E196F4529BFD}"
EndProject
Project("{9A19103F-16F7-4668-BE54-9A1E7A4F7556}") = "Worker.Extensions.EventHubs", "extensions\Worker.Extensions.EventHubs\Worker.Extensions.EventHubs.csproj", "{4A5770BE-6BB7-448F-A818-DD1450F8CBDC}"
EndProject
Project("{9A19103F-16F7-4668-BE54-9A1E7A4F7556}") = "Worker.Extensions.RabbitMQ", "extensions\Worker.Extensions.RabbitMQ\Worker.Extensions.RabbitMQ.csproj", "{55652CF7-E58B-4564-A76B-D49DC71878DC}"
EndProject
Project("{9A19103F-16F7-4668-BE54-9A1E7A4F7556}") = "Worker.Extensions.SignalRService", "extensions\Worker.Extensions.SignalRService\Worker.Extensions.SignalRService.csproj", "{A9802FBA-CF59-462B-88A0-1D7D0D19C748}"
EndProject
Project("{9A19103F-16F7-4668-BE54-9A1E7A4F7556}") = "Worker.Extensions.Warmup", "extensions\Worker.Extensions.Warmup\Worker.Extensions.Warmup.csproj", "{BDA0BCB4-BD26-4B10-B865-87082F290B38}"
EndProject
Project("{9A19103F-16F7-4668-BE54-9A1E7A4F7556}") = "Worker.Extensions.Kafka", "extensions\Worker.Extensions.Kafka\Worker.Extensions.Kafka.csproj", "{F63A63A9-FE09-4225-A293-6A58F9C1E520}"
EndProject
Project("{9A19103F-16F7-4668-BE54-9A1E7A4F7556}") = "Sdk.Analyzers", "sdk\Sdk.Analyzers\Sdk.Analyzers.csproj", "{055D602D-D2B3-416B-AC59-1972D832032A}"
EndProject
Project("{9A19103F-16F7-4668-BE54-9A1E7A4F7556}") = "Sdk.Analyzers.Tests", "test\Sdk.Analyzers.Tests\Sdk.Analyzers.Tests\Sdk.Analyzers.Tests.csproj", "{A75EA1E1-2801-460C-87C0-DE6A82D30851}"
EndProject
Project("{2150E333-8FDC-42A3-9474-1A3956D46DE8}") = "src", "src", "{083592CA-7DAB-44CE-8979-44FAFA46AEC3}"
EndProject
Project("{2150E333-8FDC-42A3-9474-1A3956D46DE8}") = "Worker", "Worker", "{0F6B5528-642F-4C46-AB4E-15E9B6CE24F9}"
EndProject
Project("{2150E333-8FDC-42A3-9474-1A3956D46DE8}") = "Sdk", "Sdk", "{B5821230-6E0A-4535-88A9-ED31B6F07596}"
EndProject
Project("{2150E333-8FDC-42A3-9474-1A3956D46DE8}") = "Apps", "Apps", "{0EA6A975-2934-4837-9932-2328EFE23BFD}"
EndProject
Project("{9A19103F-16F7-4668-BE54-9A1E7A4F7556}") = "E2EApp", "test\E2ETests\E2EApps\E2EApp\E2EApp.csproj", "{34CB5A87-0433-4C19-9CB3-E2F58119CDE9}"
EndProject
Project("{9A19103F-16F7-4668-BE54-9A1E7A4F7556}") = "E2ETests", "test\E2ETests\E2ETests\E2ETests.csproj", "{059C8F76-20F9-42BD-A343-64EE3ACF1AF8}"
EndProject
Project("{9A19103F-16F7-4668-BE54-9A1E7A4F7556}") = "DotNetWorker.Grpc", "src\DotNetWorker.Grpc\DotNetWorker.Grpc.csproj", "{248ACC90-D4F9-432B-B7B9-341EF00FA072}"
EndProject
Project("{9A19103F-16F7-4668-BE54-9A1E7A4F7556}") = "DotNetWorker.Core", "src\DotNetWorker.Core\DotNetWorker.Core.csproj", "{23AAA8FA-5B51-49BF-8021-148C8031A321}"
EndProject
Project("{9A19103F-16F7-4668-BE54-9A1E7A4F7556}") = "Extensions", "samples\Extensions\Extensions.csproj", "{BC56E506-A2F7-46D4-95DC-BD97E5AF92D4}"
EndProject
Project("{9A19103F-16F7-4668-BE54-9A1E7A4F7556}") = "CustomMiddleware", "samples\CustomMiddleware\CustomMiddleware.csproj", "{2A72383A-9C00-41FB-9D29-909EE5E6BFB9}"
EndProject
Global
	GlobalSection(SolutionConfigurationPlatforms) = preSolution
		Debug|Any CPU = Debug|Any CPU
		Release|Any CPU = Release|Any CPU
	EndGlobalSection
	GlobalSection(ProjectConfigurationPlatforms) = postSolution
		{E61EE414-3693-4C83-BDAA-17AB0024D0E6}.Debug|Any CPU.ActiveCfg = Debug|Any CPU
		{E61EE414-3693-4C83-BDAA-17AB0024D0E6}.Debug|Any CPU.Build.0 = Debug|Any CPU
		{E61EE414-3693-4C83-BDAA-17AB0024D0E6}.Release|Any CPU.ActiveCfg = Release|Any CPU
		{E61EE414-3693-4C83-BDAA-17AB0024D0E6}.Release|Any CPU.Build.0 = Release|Any CPU
		{2B47EC99-E383-4DFA-9130-DAF40FDA313B}.Debug|Any CPU.ActiveCfg = Debug|Any CPU
		{2B47EC99-E383-4DFA-9130-DAF40FDA313B}.Debug|Any CPU.Build.0 = Debug|Any CPU
		{2B47EC99-E383-4DFA-9130-DAF40FDA313B}.Release|Any CPU.ActiveCfg = Release|Any CPU
		{2B47EC99-E383-4DFA-9130-DAF40FDA313B}.Release|Any CPU.Build.0 = Release|Any CPU
		{02D1B220-3DAE-40E7-B5CC-86501756BF92}.Debug|Any CPU.ActiveCfg = Debug|Any CPU
		{02D1B220-3DAE-40E7-B5CC-86501756BF92}.Debug|Any CPU.Build.0 = Debug|Any CPU
		{02D1B220-3DAE-40E7-B5CC-86501756BF92}.Release|Any CPU.ActiveCfg = Release|Any CPU
		{02D1B220-3DAE-40E7-B5CC-86501756BF92}.Release|Any CPU.Build.0 = Release|Any CPU
		{E28BAAEF-4E70-4CAB-8475-759ECBAF1AF5}.Debug|Any CPU.ActiveCfg = Debug|Any CPU
		{E28BAAEF-4E70-4CAB-8475-759ECBAF1AF5}.Debug|Any CPU.Build.0 = Debug|Any CPU
		{E28BAAEF-4E70-4CAB-8475-759ECBAF1AF5}.Release|Any CPU.ActiveCfg = Release|Any CPU
		{E28BAAEF-4E70-4CAB-8475-759ECBAF1AF5}.Release|Any CPU.Build.0 = Release|Any CPU
		{5C38C5A3-83A5-4E2F-9B32-204C2225E890}.Debug|Any CPU.ActiveCfg = Debug|Any CPU
		{5C38C5A3-83A5-4E2F-9B32-204C2225E890}.Debug|Any CPU.Build.0 = Debug|Any CPU
		{5C38C5A3-83A5-4E2F-9B32-204C2225E890}.Release|Any CPU.ActiveCfg = Release|Any CPU
		{5C38C5A3-83A5-4E2F-9B32-204C2225E890}.Release|Any CPU.Build.0 = Release|Any CPU
		{6B64FE04-BA90-49FC-893A-DF12EF15280C}.Debug|Any CPU.ActiveCfg = Debug|Any CPU
		{6B64FE04-BA90-49FC-893A-DF12EF15280C}.Debug|Any CPU.Build.0 = Debug|Any CPU
		{6B64FE04-BA90-49FC-893A-DF12EF15280C}.Release|Any CPU.ActiveCfg = Release|Any CPU
		{6B64FE04-BA90-49FC-893A-DF12EF15280C}.Release|Any CPU.Build.0 = Release|Any CPU
		{BFB2832E-C3AB-4F09-B285-B24E535EC858}.Debug|Any CPU.ActiveCfg = Debug|Any CPU
		{BFB2832E-C3AB-4F09-B285-B24E535EC858}.Debug|Any CPU.Build.0 = Debug|Any CPU
		{BFB2832E-C3AB-4F09-B285-B24E535EC858}.Release|Any CPU.ActiveCfg = Release|Any CPU
		{BFB2832E-C3AB-4F09-B285-B24E535EC858}.Release|Any CPU.Build.0 = Release|Any CPU
		{C30B77A7-4085-422E-AADE-A4322989F5F8}.Debug|Any CPU.ActiveCfg = Debug|Any CPU
		{C30B77A7-4085-422E-AADE-A4322989F5F8}.Debug|Any CPU.Build.0 = Debug|Any CPU
		{C30B77A7-4085-422E-AADE-A4322989F5F8}.Release|Any CPU.ActiveCfg = Release|Any CPU
		{C30B77A7-4085-422E-AADE-A4322989F5F8}.Release|Any CPU.Build.0 = Release|Any CPU
		{1E601406-6923-4CB9-AAD7-928E08906B10}.Debug|Any CPU.ActiveCfg = Debug|Any CPU
		{1E601406-6923-4CB9-AAD7-928E08906B10}.Debug|Any CPU.Build.0 = Debug|Any CPU
		{1E601406-6923-4CB9-AAD7-928E08906B10}.Release|Any CPU.ActiveCfg = Release|Any CPU
		{1E601406-6923-4CB9-AAD7-928E08906B10}.Release|Any CPU.Build.0 = Release|Any CPU
		{B5F66802-0968-4B99-8E97-E42C744CE5CE}.Debug|Any CPU.ActiveCfg = Debug|Any CPU
		{B5F66802-0968-4B99-8E97-E42C744CE5CE}.Debug|Any CPU.Build.0 = Debug|Any CPU
		{B5F66802-0968-4B99-8E97-E42C744CE5CE}.Release|Any CPU.ActiveCfg = Release|Any CPU
		{B5F66802-0968-4B99-8E97-E42C744CE5CE}.Release|Any CPU.Build.0 = Release|Any CPU
		{D6EAB0C1-491C-4723-B1F3-B6F5461CD359}.Debug|Any CPU.ActiveCfg = Debug|Any CPU
		{D6EAB0C1-491C-4723-B1F3-B6F5461CD359}.Debug|Any CPU.Build.0 = Debug|Any CPU
		{D6EAB0C1-491C-4723-B1F3-B6F5461CD359}.Release|Any CPU.ActiveCfg = Release|Any CPU
		{D6EAB0C1-491C-4723-B1F3-B6F5461CD359}.Release|Any CPU.Build.0 = Release|Any CPU
		{4DBEC557-E5CC-41E9-9319-BC02615CF228}.Debug|Any CPU.ActiveCfg = Debug|Any CPU
		{4DBEC557-E5CC-41E9-9319-BC02615CF228}.Debug|Any CPU.Build.0 = Debug|Any CPU
		{4DBEC557-E5CC-41E9-9319-BC02615CF228}.Release|Any CPU.ActiveCfg = Release|Any CPU
		{4DBEC557-E5CC-41E9-9319-BC02615CF228}.Release|Any CPU.Build.0 = Release|Any CPU
		{37F71B56-1FC7-4BEC-9AB4-FF57C6BF2882}.Debug|Any CPU.ActiveCfg = Debug|Any CPU
		{37F71B56-1FC7-4BEC-9AB4-FF57C6BF2882}.Debug|Any CPU.Build.0 = Debug|Any CPU
		{37F71B56-1FC7-4BEC-9AB4-FF57C6BF2882}.Release|Any CPU.ActiveCfg = Release|Any CPU
		{37F71B56-1FC7-4BEC-9AB4-FF57C6BF2882}.Release|Any CPU.Build.0 = Release|Any CPU
		{9C305047-0B81-4DA1-98D4-BC8B391A2297}.Debug|Any CPU.ActiveCfg = Debug|Any CPU
		{9C305047-0B81-4DA1-98D4-BC8B391A2297}.Debug|Any CPU.Build.0 = Debug|Any CPU
		{9C305047-0B81-4DA1-98D4-BC8B391A2297}.Release|Any CPU.ActiveCfg = Release|Any CPU
		{9C305047-0B81-4DA1-98D4-BC8B391A2297}.Release|Any CPU.Build.0 = Release|Any CPU
		{660B4D9D-081A-4DCA-BD7A-E196F4529BFD}.Debug|Any CPU.ActiveCfg = Debug|Any CPU
		{660B4D9D-081A-4DCA-BD7A-E196F4529BFD}.Debug|Any CPU.Build.0 = Debug|Any CPU
		{660B4D9D-081A-4DCA-BD7A-E196F4529BFD}.Release|Any CPU.ActiveCfg = Release|Any CPU
		{660B4D9D-081A-4DCA-BD7A-E196F4529BFD}.Release|Any CPU.Build.0 = Release|Any CPU
		{4A5770BE-6BB7-448F-A818-DD1450F8CBDC}.Debug|Any CPU.ActiveCfg = Debug|Any CPU
		{4A5770BE-6BB7-448F-A818-DD1450F8CBDC}.Debug|Any CPU.Build.0 = Debug|Any CPU
		{4A5770BE-6BB7-448F-A818-DD1450F8CBDC}.Release|Any CPU.ActiveCfg = Release|Any CPU
		{4A5770BE-6BB7-448F-A818-DD1450F8CBDC}.Release|Any CPU.Build.0 = Release|Any CPU
		{55652CF7-E58B-4564-A76B-D49DC71878DC}.Debug|Any CPU.ActiveCfg = Debug|Any CPU
		{55652CF7-E58B-4564-A76B-D49DC71878DC}.Debug|Any CPU.Build.0 = Debug|Any CPU
		{55652CF7-E58B-4564-A76B-D49DC71878DC}.Release|Any CPU.ActiveCfg = Release|Any CPU
		{55652CF7-E58B-4564-A76B-D49DC71878DC}.Release|Any CPU.Build.0 = Release|Any CPU
		{A9802FBA-CF59-462B-88A0-1D7D0D19C748}.Debug|Any CPU.ActiveCfg = Debug|Any CPU
		{A9802FBA-CF59-462B-88A0-1D7D0D19C748}.Debug|Any CPU.Build.0 = Debug|Any CPU
		{A9802FBA-CF59-462B-88A0-1D7D0D19C748}.Release|Any CPU.ActiveCfg = Release|Any CPU
		{A9802FBA-CF59-462B-88A0-1D7D0D19C748}.Release|Any CPU.Build.0 = Release|Any CPU
		{BDA0BCB4-BD26-4B10-B865-87082F290B38}.Debug|Any CPU.ActiveCfg = Debug|Any CPU
		{BDA0BCB4-BD26-4B10-B865-87082F290B38}.Debug|Any CPU.Build.0 = Debug|Any CPU
		{BDA0BCB4-BD26-4B10-B865-87082F290B38}.Release|Any CPU.ActiveCfg = Release|Any CPU
		{BDA0BCB4-BD26-4B10-B865-87082F290B38}.Release|Any CPU.Build.0 = Release|Any CPU
		{F63A63A9-FE09-4225-A293-6A58F9C1E520}.Debug|Any CPU.ActiveCfg = Debug|Any CPU
		{F63A63A9-FE09-4225-A293-6A58F9C1E520}.Debug|Any CPU.Build.0 = Debug|Any CPU
		{F63A63A9-FE09-4225-A293-6A58F9C1E520}.Release|Any CPU.ActiveCfg = Release|Any CPU
		{F63A63A9-FE09-4225-A293-6A58F9C1E520}.Release|Any CPU.Build.0 = Release|Any CPU
		{055D602D-D2B3-416B-AC59-1972D832032A}.Debug|Any CPU.ActiveCfg = Debug|Any CPU
		{055D602D-D2B3-416B-AC59-1972D832032A}.Debug|Any CPU.Build.0 = Debug|Any CPU
		{055D602D-D2B3-416B-AC59-1972D832032A}.Release|Any CPU.ActiveCfg = Release|Any CPU
		{055D602D-D2B3-416B-AC59-1972D832032A}.Release|Any CPU.Build.0 = Release|Any CPU
		{A75EA1E1-2801-460C-87C0-DE6A82D30851}.Debug|Any CPU.ActiveCfg = Debug|Any CPU
		{A75EA1E1-2801-460C-87C0-DE6A82D30851}.Debug|Any CPU.Build.0 = Debug|Any CPU
		{A75EA1E1-2801-460C-87C0-DE6A82D30851}.Release|Any CPU.ActiveCfg = Release|Any CPU
		{A75EA1E1-2801-460C-87C0-DE6A82D30851}.Release|Any CPU.Build.0 = Release|Any CPU
		{34CB5A87-0433-4C19-9CB3-E2F58119CDE9}.Debug|Any CPU.ActiveCfg = Debug|Any CPU
		{34CB5A87-0433-4C19-9CB3-E2F58119CDE9}.Debug|Any CPU.Build.0 = Debug|Any CPU
		{34CB5A87-0433-4C19-9CB3-E2F58119CDE9}.Release|Any CPU.ActiveCfg = Release|Any CPU
		{34CB5A87-0433-4C19-9CB3-E2F58119CDE9}.Release|Any CPU.Build.0 = Release|Any CPU
		{059C8F76-20F9-42BD-A343-64EE3ACF1AF8}.Debug|Any CPU.ActiveCfg = Debug|Any CPU
		{059C8F76-20F9-42BD-A343-64EE3ACF1AF8}.Debug|Any CPU.Build.0 = Debug|Any CPU
		{059C8F76-20F9-42BD-A343-64EE3ACF1AF8}.Release|Any CPU.ActiveCfg = Release|Any CPU
		{059C8F76-20F9-42BD-A343-64EE3ACF1AF8}.Release|Any CPU.Build.0 = Release|Any CPU
		{248ACC90-D4F9-432B-B7B9-341EF00FA072}.Debug|Any CPU.ActiveCfg = Debug|Any CPU
		{248ACC90-D4F9-432B-B7B9-341EF00FA072}.Debug|Any CPU.Build.0 = Debug|Any CPU
		{248ACC90-D4F9-432B-B7B9-341EF00FA072}.Release|Any CPU.ActiveCfg = Release|Any CPU
		{248ACC90-D4F9-432B-B7B9-341EF00FA072}.Release|Any CPU.Build.0 = Release|Any CPU
		{23AAA8FA-5B51-49BF-8021-148C8031A321}.Debug|Any CPU.ActiveCfg = Debug|Any CPU
		{23AAA8FA-5B51-49BF-8021-148C8031A321}.Debug|Any CPU.Build.0 = Debug|Any CPU
		{23AAA8FA-5B51-49BF-8021-148C8031A321}.Release|Any CPU.ActiveCfg = Release|Any CPU
		{23AAA8FA-5B51-49BF-8021-148C8031A321}.Release|Any CPU.Build.0 = Release|Any CPU
		{BC56E506-A2F7-46D4-95DC-BD97E5AF92D4}.Debug|Any CPU.ActiveCfg = Debug|Any CPU
		{BC56E506-A2F7-46D4-95DC-BD97E5AF92D4}.Debug|Any CPU.Build.0 = Debug|Any CPU
		{BC56E506-A2F7-46D4-95DC-BD97E5AF92D4}.Release|Any CPU.ActiveCfg = Release|Any CPU
		{BC56E506-A2F7-46D4-95DC-BD97E5AF92D4}.Release|Any CPU.Build.0 = Release|Any CPU
		{2A72383A-9C00-41FB-9D29-909EE5E6BFB9}.Debug|Any CPU.ActiveCfg = Debug|Any CPU
		{2A72383A-9C00-41FB-9D29-909EE5E6BFB9}.Debug|Any CPU.Build.0 = Debug|Any CPU
		{2A72383A-9C00-41FB-9D29-909EE5E6BFB9}.Release|Any CPU.ActiveCfg = Release|Any CPU
		{2A72383A-9C00-41FB-9D29-909EE5E6BFB9}.Release|Any CPU.Build.0 = Release|Any CPU
	EndGlobalSection
	GlobalSection(SolutionProperties) = preSolution
		HideSolutionNode = FALSE
	EndGlobalSection
	GlobalSection(NestedProjects) = preSolution
		{E61EE414-3693-4C83-BDAA-17AB0024D0E6} = {9D6603BD-7EA2-4D11-A69C-0D9E01317FD6}
		{2B47EC99-E383-4DFA-9130-DAF40FDA313B} = {083592CA-7DAB-44CE-8979-44FAFA46AEC3}
		{02D1B220-3DAE-40E7-B5CC-86501756BF92} = {0F6B5528-642F-4C46-AB4E-15E9B6CE24F9}
		{E28BAAEF-4E70-4CAB-8475-759ECBAF1AF5} = {4B0D77E7-FA83-4FDD-9E67-CC95EAD21348}
		{5C38C5A3-83A5-4E2F-9B32-204C2225E890} = {B5821230-6E0A-4535-88A9-ED31B6F07596}
		{6B64FE04-BA90-49FC-893A-DF12EF15280C} = {4B0D77E7-FA83-4FDD-9E67-CC95EAD21348}
		{BFB2832E-C3AB-4F09-B285-B24E535EC858} = {B5821230-6E0A-4535-88A9-ED31B6F07596}
		{C30B77A7-4085-422E-AADE-A4322989F5F8} = {FD7243E4-BF18-43F8-8744-BA1D17ACF378}
		{1E601406-6923-4CB9-AAD7-928E08906B10} = {A7B4FF1E-3DF7-4F28-9333-D0961CDDF702}
		{B5F66802-0968-4B99-8E97-E42C744CE5CE} = {A7B4FF1E-3DF7-4F28-9333-D0961CDDF702}
		{D6EAB0C1-491C-4723-B1F3-B6F5461CD359} = {A7B4FF1E-3DF7-4F28-9333-D0961CDDF702}
		{4DBEC557-E5CC-41E9-9319-BC02615CF228} = {A7B4FF1E-3DF7-4F28-9333-D0961CDDF702}
		{37F71B56-1FC7-4BEC-9AB4-FF57C6BF2882} = {A7B4FF1E-3DF7-4F28-9333-D0961CDDF702}
		{9C305047-0B81-4DA1-98D4-BC8B391A2297} = {A7B4FF1E-3DF7-4F28-9333-D0961CDDF702}
		{660B4D9D-081A-4DCA-BD7A-E196F4529BFD} = {A7B4FF1E-3DF7-4F28-9333-D0961CDDF702}
		{4A5770BE-6BB7-448F-A818-DD1450F8CBDC} = {A7B4FF1E-3DF7-4F28-9333-D0961CDDF702}
		{55652CF7-E58B-4564-A76B-D49DC71878DC} = {A7B4FF1E-3DF7-4F28-9333-D0961CDDF702}
		{A9802FBA-CF59-462B-88A0-1D7D0D19C748} = {A7B4FF1E-3DF7-4F28-9333-D0961CDDF702}
		{BDA0BCB4-BD26-4B10-B865-87082F290B38} = {A7B4FF1E-3DF7-4F28-9333-D0961CDDF702}
		{F63A63A9-FE09-4225-A293-6A58F9C1E520} = {A7B4FF1E-3DF7-4F28-9333-D0961CDDF702}
		{055D602D-D2B3-416B-AC59-1972D832032A} = {4B0D77E7-FA83-4FDD-9E67-CC95EAD21348}
		{A75EA1E1-2801-460C-87C0-DE6A82D30851} = {B5821230-6E0A-4535-88A9-ED31B6F07596}
		{0F6B5528-642F-4C46-AB4E-15E9B6CE24F9} = {FD7243E4-BF18-43F8-8744-BA1D17ACF378}
		{B5821230-6E0A-4535-88A9-ED31B6F07596} = {FD7243E4-BF18-43F8-8744-BA1D17ACF378}
		{0EA6A975-2934-4837-9932-2328EFE23BFD} = {FD7243E4-BF18-43F8-8744-BA1D17ACF378}
		{34CB5A87-0433-4C19-9CB3-E2F58119CDE9} = {0EA6A975-2934-4837-9932-2328EFE23BFD}
		{059C8F76-20F9-42BD-A343-64EE3ACF1AF8} = {0F6B5528-642F-4C46-AB4E-15E9B6CE24F9}
		{248ACC90-D4F9-432B-B7B9-341EF00FA072} = {083592CA-7DAB-44CE-8979-44FAFA46AEC3}
		{23AAA8FA-5B51-49BF-8021-148C8031A321} = {083592CA-7DAB-44CE-8979-44FAFA46AEC3}
		{BC56E506-A2F7-46D4-95DC-BD97E5AF92D4} = {9D6603BD-7EA2-4D11-A69C-0D9E01317FD6}
		{2A72383A-9C00-41FB-9D29-909EE5E6BFB9} = {9D6603BD-7EA2-4D11-A69C-0D9E01317FD6}
	EndGlobalSection
	GlobalSection(ExtensibilityGlobals) = postSolution
		SolutionGuid = {497D2ED4-A13E-4BCA-8D29-F30CA7D0EA4A}
	EndGlobalSection
EndGlobal
