
Microsoft Visual Studio Solution File, Format Version 12.00
# Visual Studio Version 17
VisualStudioVersion = 17.5.33516.290
MinimumVisualStudioVersion = 10.0.40219.1
Project("{9A19103F-16F7-4668-BE54-9A1E7A4F7556}") = "FunctionsNetHost.ManagedLoader", "FunctionsNetHost.ManagedLoader.csproj", "{D1BE1000-4E2E-493A-A2C5-D1B320F63D3C}"
EndProject
Global
	GlobalSection(SolutionConfigurationPlatforms) = preSolution
		Debug|Any CPU = Debug|Any CPU
		Release|Any CPU = Release|Any CPU
	EndGlobalSection
	GlobalSection(ProjectConfigurationPlatforms) = postSolution
		{D1BE1000-4E2E-493A-A2C5-D1B320F63D3C}.Debug|Any CPU.ActiveCfg = Debug|Any CPU
		{D1BE1000-4E2E-493A-A2C5-D1B320F63D3C}.Debug|Any CPU.Build.0 = Debug|Any CPU
		{D1BE1000-4E2E-493A-A2C5-D1B320F63D3C}.Release|Any CPU.ActiveCfg = Release|Any CPU
		{D1BE1000-4E2E-493A-A2C5-D1B320F63D3C}.Release|Any CPU.Build.0 = Release|Any CPU
	EndGlobalSection
	GlobalSection(SolutionProperties) = preSolution
		HideSolutionNode = FALSE
	EndGlobalSection
	GlobalSection(ExtensibilityGlobals) = postSolution
		SolutionGuid = {7E4DB23D-A7BE-4554-934F-CE4872846CB1}
	EndGlobalSection
EndGlobal
