
Microsoft Visual Studio Solution File, Format Version 12.00
# Visual Studio Version 16
VisualStudioVersion = 16.0.30204.135
MinimumVisualStudioVersion = 10.0.40219.1
Project("{9A19103F-16F7-4668-BE54-9A1E7A4F7556}") = "FunctionsDotNetWorker", "FunctionsDotNetWorker.csproj", "{32FF6228-EEB6-48C5-8211-31E3E6A7D496}"
EndProject
Project("{9A19103F-16F7-4668-BE54-9A1E7A4F7556}") = "CustomerMainApp", "..\CustomerMainApp\CustomerMainApp.csproj", "{B8CDEE85-3EB6-409D-B37D-079C322D974B}"
EndProject
Project("{FAE04EC0-301F-11D3-BF4B-00C04F79EFBC}") = "FunctionsDotNetWorkerTests", "..\FunctionsDotNetWorkerTests\FunctionsDotNetWorkerTests.csproj", "{10EBAD4C-CA35-41B7-B199-F36102317DBF}"
EndProject
Global
	GlobalSection(SolutionConfigurationPlatforms) = preSolution
		Debug|Any CPU = Debug|Any CPU
		Release|Any CPU = Release|Any CPU
	EndGlobalSection
	GlobalSection(ProjectConfigurationPlatforms) = postSolution
		{32FF6228-EEB6-48C5-8211-31E3E6A7D496}.Debug|Any CPU.ActiveCfg = Debug|Any CPU
		{32FF6228-EEB6-48C5-8211-31E3E6A7D496}.Debug|Any CPU.Build.0 = Debug|Any CPU
		{32FF6228-EEB6-48C5-8211-31E3E6A7D496}.Release|Any CPU.ActiveCfg = Release|Any CPU
		{32FF6228-EEB6-48C5-8211-31E3E6A7D496}.Release|Any CPU.Build.0 = Release|Any CPU
		{B8CDEE85-3EB6-409D-B37D-079C322D974B}.Debug|Any CPU.ActiveCfg = Debug|Any CPU
		{B8CDEE85-3EB6-409D-B37D-079C322D974B}.Debug|Any CPU.Build.0 = Debug|Any CPU
		{B8CDEE85-3EB6-409D-B37D-079C322D974B}.Release|Any CPU.ActiveCfg = Release|Any CPU
		{B8CDEE85-3EB6-409D-B37D-079C322D974B}.Release|Any CPU.Build.0 = Release|Any CPU
		{10EBAD4C-CA35-41B7-B199-F36102317DBF}.Debug|Any CPU.ActiveCfg = Debug|Any CPU
		{10EBAD4C-CA35-41B7-B199-F36102317DBF}.Debug|Any CPU.Build.0 = Debug|Any CPU
		{10EBAD4C-CA35-41B7-B199-F36102317DBF}.Release|Any CPU.ActiveCfg = Release|Any CPU
		{10EBAD4C-CA35-41B7-B199-F36102317DBF}.Release|Any CPU.Build.0 = Release|Any CPU
	EndGlobalSection
	GlobalSection(SolutionProperties) = preSolution
		HideSolutionNode = FALSE
	EndGlobalSection
	GlobalSection(ExtensibilityGlobals) = postSolution
		SolutionGuid = {497D2ED4-A13E-4BCA-8D29-F30CA7D0EA4A}
	EndGlobalSection
EndGlobal
